// !$*UTF8*$!
{
	archiveVersion = 1;
	classes = {
	};
	objectVersion = 50;
	objects = {

/* Begin PBXBuildFile section */
		229E1CD72420EF20000F3957 /* AppDelegate.swift in Sources */ = {isa = PBXBuildFile; fileRef = 229E1CD62420EF20000F3957 /* AppDelegate.swift */; };
		229E1CD92420EF20000F3957 /* SceneDelegate.swift in Sources */ = {isa = PBXBuildFile; fileRef = 229E1CD82420EF20000F3957 /* SceneDelegate.swift */; };
		229E1CDB2420EF20000F3957 /* ViewController.swift in Sources */ = {isa = PBXBuildFile; fileRef = 229E1CDA2420EF20000F3957 /* ViewController.swift */; };
		229E1CDE2420EF20000F3957 /* Main.storyboard in Resources */ = {isa = PBXBuildFile; fileRef = 229E1CDC2420EF20000F3957 /* Main.storyboard */; };
		229E1CE02420EF27000F3957 /* Assets.xcassets in Resources */ = {isa = PBXBuildFile; fileRef = 229E1CDF2420EF27000F3957 /* Assets.xcassets */; };
		229E1CE32420EF27000F3957 /* LaunchScreen.storyboard in Resources */ = {isa = PBXBuildFile; fileRef = 229E1CE12420EF27000F3957 /* LaunchScreen.storyboard */; };
/* End PBXBuildFile section */

/* Begin PBXFileReference section */
		229E1CD32420EF20000F3957 /* ScaleModelCatalog.app */ = {isa = PBXFileReference; explicitFileType = wrapper.application; includeInIndex = 0; path = ScaleModelCatalog.app; sourceTree = BUILT_PRODUCTS_DIR; };
		229E1CD62420EF20000F3957 /* AppDelegate.swift */ = {isa = PBXFileReference; lastKnownFileType = sourcecode.swift; path = AppDelegate.swift; sourceTree = "<group>"; };
		229E1CD82420EF20000F3957 /* SceneDelegate.swift */ = {isa = PBXFileReference; lastKnownFileType = sourcecode.swift; path = SceneDelegate.swift; sourceTree = "<group>"; };
		229E1CDA2420EF20000F3957 /* ViewController.swift */ = {isa = PBXFileReference; lastKnownFileType = sourcecode.swift; path = ViewController.swift; sourceTree = "<group>"; };
		229E1CDD2420EF20000F3957 /* Base */ = {isa = PBXFileReference; lastKnownFileType = file.storyboard; name = Base; path = Base.lproj/Main.storyboard; sourceTree = "<group>"; };
		229E1CDF2420EF27000F3957 /* Assets.xcassets */ = {isa = PBXFileReference; lastKnownFileType = folder.assetcatalog; path = Assets.xcassets; sourceTree = "<group>"; };
		229E1CE22420EF27000F3957 /* Base */ = {isa = PBXFileReference; lastKnownFileType = file.storyboard; name = Base; path = Base.lproj/LaunchScreen.storyboard; sourceTree = "<group>"; };
		229E1CE42420EF27000F3957 /* Info.plist */ = {isa = PBXFileReference; lastKnownFileType = text.plist.xml; path = Info.plist; sourceTree = "<group>"; };
/* End PBXFileReference section */

/* Begin PBXFrameworksBuildPhase section */
		229E1CD02420EF20000F3957 /* Frameworks */ = {
			isa = PBXFrameworksBuildPhase;
			buildActionMask = 2147483647;
			files = (
			);
			runOnlyForDeploymentPostprocessing = 0;
		};
/* End PBXFrameworksBuildPhase section */

/* Begin PBXGroup section */
		229E1CCA2420EF20000F3957 = {
			isa = PBXGroup;
			children = (
				229E1CD52420EF20000F3957 /* ScaleModelCatalog */,
				229E1CD42420EF20000F3957 /* Products */,
			);
			sourceTree = "<group>";
		};
		229E1CD42420EF20000F3957 /* Products */ = {
			isa = PBXGroup;
			children = (
				229E1CD32420EF20000F3957 /* ScaleModelCatalog.app */,
			);
			name = Products;
			sourceTree = "<group>";
		};
		229E1CD52420EF20000F3957 /* ScaleModelCatalog */ = {
			isa = PBXGroup;
			children = (
				229E1CD62420EF20000F3957 /* AppDelegate.swift */,
				229E1CD82420EF20000F3957 /* SceneDelegate.swift */,
				229E1CDA2420EF20000F3957 /* ViewController.swift */,
				229E1CDC2420EF20000F3957 /* Main.storyboard */,
				229E1CDF2420EF27000F3957 /* Assets.xcassets */,
				229E1CE12420EF27000F3957 /* LaunchScreen.storyboard */,
				229E1CE42420EF27000F3957 /* Info.plist */,
			);
			path = ScaleModelCatalog;
			sourceTree = "<group>";
		};
/* End PBXGroup section */

/* Begin PBXNativeTarget section */
		229E1CD22420EF20000F3957 /* ScaleModelCatalog */ = {
			isa = PBXNativeTarget;
			buildConfigurationList = 229E1CE72420EF27000F3957 /* Build configuration list for PBXNativeTarget "ScaleModelCatalog" */;
			buildPhases = (
				229E1CCF2420EF20000F3957 /* Sources */,
				229E1CD02420EF20000F3957 /* Frameworks */,
				229E1CD12420EF20000F3957 /* Resources */,
			);
			buildRules = (
			);
			dependencies = (
			);
			name = ScaleModelCatalog;
			productName = ScaleModelCatalog;
			productReference = 229E1CD32420EF20000F3957 /* ScaleModelCatalog.app */;
			productType = "com.apple.product-type.application";
		};
/* End PBXNativeTarget section */

/* Begin PBXProject section */
		229E1CCB2420EF20000F3957 /* Project object */ = {
			isa = PBXProject;
			attributes = {
				LastSwiftUpdateCheck = 1130;
				LastUpgradeCheck = 1130;
				ORGANIZATIONNAME = "Vladislav Bondarev";
				TargetAttributes = {
					229E1CD22420EF20000F3957 = {
						CreatedOnToolsVersion = 11.3;
					};
				};
			};
			buildConfigurationList = 229E1CCE2420EF20000F3957 /* Build configuration list for PBXProject "ScaleModelCatalog" */;
			compatibilityVersion = "Xcode 9.3";
			developmentRegion = en;
			hasScannedForEncodings = 0;
			knownRegions = (
				en,
				Base,
			);
			mainGroup = 229E1CCA2420EF20000F3957;
			productRefGroup = 229E1CD42420EF20000F3957 /* Products */;
			projectDirPath = "";
			projectRoot = "";
			targets = (
				229E1CD22420EF20000F3957 /* ScaleModelCatalog */,
			);
		};
/* End PBXProject section */

/* Begin PBXResourcesBuildPhase section */
		229E1CD12420EF20000F3957 /* Resources */ = {
			isa = PBXResourcesBuildPhase;
			buildActionMask = 2147483647;
			files = (
				229E1CE32420EF27000F3957 /* LaunchScreen.storyboard in Resources */,
				229E1CE02420EF27000F3957 /* Assets.xcassets in Resources */,
				229E1CDE2420EF20000F3957 /* Main.storyboard in Resources */,
			);
			runOnlyForDeploymentPostprocessing = 0;
		};
/* End PBXResourcesBuildPhase section */

/* Begin PBXSourcesBuildPhase section */
		229E1CCF2420EF20000F3957 /* Sources */ = {
			isa = PBXSourcesBuildPhase;
			buildActionMask = 2147483647;
			files = (
				229E1CDB2420EF20000F3957 /* ViewController.swift in Sources */,
				229E1CD72420EF20000F3957 /* AppDelegate.swift in Sources */,
				229E1CD92420EF20000F3957 /* SceneDelegate.swift in Sources */,
			);
			runOnlyForDeploymentPostprocessing = 0;
		};
/* End PBXSourcesBuildPhase section */

/* Begin PBXVariantGroup section */
		229E1CDC2420EF20000F3957 /* Main.storyboard */ = {
			isa = PBXVariantGroup;
			children = (
				229E1CDD2420EF20000F3957 /* Base */,
			);
			name = Main.storyboard;
			sourceTree = "<group>";
		};
		229E1CE12420EF27000F3957 /* LaunchScreen.storyboard */ = {
			isa = PBXVariantGroup;
			children = (
				229E1CE22420EF27000F3957 /* Base */,
			);
			name = LaunchScreen.storyboard;
			sourceTree = "<group>";
		};
/* End PBXVariantGroup section */

/* Begin XCBuildConfiguration section */
		229E1CE52420EF27000F3957 /* Debug */ = {
			isa = XCBuildConfiguration;
			buildSettings = {
				ALWAYS_SEARCH_USER_PATHS = NO;
				CLANG_ANALYZER_NONNULL = YES;
				CLANG_ANALYZER_NUMBER_OBJECT_CONVERSION = YES_AGGRESSIVE;
				CLANG_CXX_LANGUAGE_STANDARD = "gnu++14";
				CLANG_CXX_LIBRARY = "libc++";
				CLANG_ENABLE_MODULES = YES;
				CLANG_ENABLE_OBJC_ARC = YES;
				CLANG_ENABLE_OBJC_WEAK = YES;
				CLANG_WARN_BLOCK_CAPTURE_AUTORELEASING = YES;
				CLANG_WARN_BOOL_CONVERSION = YES;
				CLANG_WARN_COMMA = YES;
				CLANG_WARN_CONSTANT_CONVERSION = YES;
				CLANG_WARN_DEPRECATED_OBJC_IMPLEMENTATIONS = YES;
				CLANG_WARN_DIRECT_OBJC_ISA_USAGE = YES_ERROR;
				CLANG_WARN_DOCUMENTATION_COMMENTS = YES;
				CLANG_WARN_EMPTY_BODY = YES;
				CLANG_WARN_ENUM_CONVERSION = YES;
				CLANG_WARN_INFINITE_RECURSION = YES;
				CLANG_WARN_INT_CONVERSION = YES;
				CLANG_WARN_NON_LITERAL_NULL_CONVERSION = YES;
				CLANG_WARN_OBJC_IMPLICIT_RETAIN_SELF = YES;
				CLANG_WARN_OBJC_LITERAL_CONVERSION = YES;
				CLANG_WARN_OBJC_ROOT_CLASS = YES_ERROR;
				CLANG_WARN_RANGE_LOOP_ANALYSIS = YES;
				CLANG_WARN_STRICT_PROTOTYPES = YES;
				CLANG_WARN_SUSPICIOUS_MOVE = YES;
				CLANG_WARN_UNGUARDED_AVAILABILITY = YES_AGGRESSIVE;
				CLANG_WARN_UNREACHABLE_CODE = YES;
				CLANG_WARN__DUPLICATE_METHOD_MATCH = YES;
				COPY_PHASE_STRIP = NO;
				DEBUG_INFORMATION_FORMAT = dwarf;
				ENABLE_STRICT_OBJC_MSGSEND = YES;
				ENABLE_TESTABILITY = YES;
				GCC_C_LANGUAGE_STANDARD = gnu11;
				GCC_DYNAMIC_NO_PIC = NO;
				GCC_NO_COMMON_BLOCKS = YES;
				GCC_OPTIMIZATION_LEVEL = 0;
				GCC_PREPROCESSOR_DEFINITIONS = (
					"DEBUG=1",
					"$(inherited)",
				);
				GCC_WARN_64_TO_32_BIT_CONVERSION = YES;
				GCC_WARN_ABOUT_RETURN_TYPE = YES_ERROR;
				GCC_WARN_UNDECLARED_SELECTOR = YES;
				GCC_WARN_UNINITIALIZED_AUTOS = YES_AGGRESSIVE;
				GCC_WARN_UNUSED_FUNCTION = YES;
				GCC_WARN_UNUSED_VARIABLE = YES;
				IPHONEOS_DEPLOYMENT_TARGET = 13.2;
				MTL_ENABLE_DEBUG_INFO = INCLUDE_SOURCE;
				MTL_FAST_MATH = YES;
				ONLY_ACTIVE_ARCH = YES;
				SDKROOT = iphoneos;
				SWIFT_ACTIVE_COMPILATION_CONDITIONS = DEBUG;
				SWIFT_OPTIMIZATION_LEVEL = "-Onone";
			};
			name = Debug;
		};
		229E1CE62420EF27000F3957 /* Release */ = {
			isa = XCBuildConfiguration;
			buildSettings = {
				ALWAYS_SEARCH_USER_PATHS = NO;
				CLANG_ANALYZER_NONNULL = YES;
				CLANG_ANALYZER_NUMBER_OBJECT_CONVERSION = YES_AGGRESSIVE;
				CLANG_CXX_LANGUAGE_STANDARD = "gnu++14";
				CLANG_CXX_LIBRARY = "libc++";
				CLANG_ENABLE_MODULES = YES;
				CLANG_ENABLE_OBJC_ARC = YES;
				CLANG_ENABLE_OBJC_WEAK = YES;
				CLANG_WARN_BLOCK_CAPTURE_AUTORELEASING = YES;
				CLANG_WARN_BOOL_CONVERSION = YES;
				CLANG_WARN_COMMA = YES;
				CLANG_WARN_CONSTANT_CONVERSION = YES;
				CLANG_WARN_DEPRECATED_OBJC_IMPLEMENTATIONS = YES;
				CLANG_WARN_DIRECT_OBJC_ISA_USAGE = YES_ERROR;
				CLANG_WARN_DOCUMENTATION_COMMENTS = YES;
				CLANG_WARN_EMPTY_BODY = YES;
				CLANG_WARN_ENUM_CONVERSION = YES;
				CLANG_WARN_INFINITE_RECURSION = YES;
				CLANG_WARN_INT_CONVERSION = YES;
				CLANG_WARN_NON_LITERAL_NULL_CONVERSION = YES;
				CLANG_WARN_OBJC_IMPLICIT_RETAIN_SELF = YES;
				CLANG_WARN_OBJC_LITERAL_CONVERSION = YES;
				CLANG_WARN_OBJC_ROOT_CLASS = YES_ERROR;
				CLANG_WARN_RANGE_LOOP_ANALYSIS = YES;
				CLANG_WARN_STRICT_PROTOTYPES = YES;
				CLANG_WARN_SUSPICIOUS_MOVE = YES;
				CLANG_WARN_UNGUARDED_AVAILABILITY = YES_AGGRESSIVE;
				CLANG_WARN_UNREACHABLE_CODE = YES;
				CLANG_WARN__DUPLICATE_METHOD_MATCH = YES;
				COPY_PHASE_STRIP = NO;
				DEBUG_INFORMATION_FORMAT = "dwarf-with-dsym";
				ENABLE_NS_ASSERTIONS = NO;
				ENABLE_STRICT_OBJC_MSGSEND = YES;
				GCC_C_LANGUAGE_STANDARD = gnu11;
				GCC_NO_COMMON_BLOCKS = YES;
				GCC_WARN_64_TO_32_BIT_CONVERSION = YES;
				GCC_WARN_ABOUT_RETURN_TYPE = YES_ERROR;
				GCC_WARN_UNDECLARED_SELECTOR = YES;
				GCC_WARN_UNINITIALIZED_AUTOS = YES_AGGRESSIVE;
				GCC_WARN_UNUSED_FUNCTION = YES;
				GCC_WARN_UNUSED_VARIABLE = YES;
				IPHONEOS_DEPLOYMENT_TARGET = 13.2;
				MTL_ENABLE_DEBUG_INFO = NO;
				MTL_FAST_MATH = YES;
				SDKROOT = iphoneos;
				SWIFT_COMPILATION_MODE = wholemodule;
				SWIFT_OPTIMIZATION_LEVEL = "-O";
				VALIDATE_PRODUCT = YES;
			};
			name = Release;
		};
		229E1CE82420EF27000F3957 /* Debug */ = {
			isa = XCBuildConfiguration;
			buildSettings = {
				ASSETCATALOG_COMPILER_APPICON_NAME = AppIcon;
				CODE_SIGN_STYLE = Automatic;
				DEVELOPMENT_TEAM = 494K398CRH;
				INFOPLIST_FILE = ScaleModelCatalog/Info.plist;
				LD_RUNPATH_SEARCH_PATHS = (
					"$(inherited)",
					"@executable_path/Frameworks",
				);
				PRODUCT_BUNDLE_IDENTIFIER = My.ScaleModelCatalog;
				PRODUCT_NAME = "$(TARGET_NAME)";
				SWIFT_VERSION = 5.0;
				TARGETED_DEVICE_FAMILY = "1,2";
			};
			name = Debug;
		};
		229E1CE92420EF27000F3957 /* Release */ = {
			isa = XCBuildConfiguration;
			buildSettings = {
				ASSETCATALOG_COMPILER_APPICON_NAME = AppIcon;
				CODE_SIGN_STYLE = Automatic;
				DEVELOPMENT_TEAM = 494K398CRH;
				INFOPLIST_FILE = ScaleModelCatalog/Info.plist;
				LD_RUNPATH_SEARCH_PATHS = (
					"$(inherited)",
					"@executable_path/Frameworks",
				);
				PRODUCT_BUNDLE_IDENTIFIER = My.ScaleModelCatalog;
				PRODUCT_NAME = "$(TARGET_NAME)";
				SWIFT_VERSION = 5.0;
				TARGETED_DEVICE_FAMILY = "1,2";
			};
			name = Release;
		};
/* End XCBuildConfiguration section */

/* Begin XCConfigurationList section */
		229E1CCE2420EF20000F3957 /* Build configuration list for PBXProject "ScaleModelCatalog" */ = {
			isa = XCConfigurationList;
			buildConfigurations = (
				229E1CE52420EF27000F3957 /* Debug */,
				229E1CE62420EF27000F3957 /* Release */,
			);
			defaultConfigurationIsVisible = 0;
			defaultConfigurationName = Release;
		};
		229E1CE72420EF27000F3957 /* Build configuration list for PBXNativeTarget "ScaleModelCatalog" */ = {
			isa = XCConfigurationList;
			buildConfigurations = (
				229E1CE82420EF27000F3957 /* Debug */,
				229E1CE92420EF27000F3957 /* Release */,
			);
			defaultConfigurationIsVisible = 0;
			defaultConfigurationName = Release;
		};
/* End XCConfigurationList section */
	};
	rootObject = 229E1CCB2420EF20000F3957 /* Project object */;
}
