// !$*UTF8*$!
{
	archiveVersion = 1;
	classes = {
	};
	objectVersion = 51;
	objects = {

/* Begin PBXBuildFile section */
		222D327F24F924690032BFF1 /* AuthViewController.swift in Sources */ = {isa = PBXBuildFile; fileRef = 222D327D24F924690032BFF1 /* AuthViewController.swift */; };
		222D328024F924690032BFF1 /* AuthViewController.xib in Resources */ = {isa = PBXBuildFile; fileRef = 222D327E24F924690032BFF1 /* AuthViewController.xib */; };
		222D328224F934C80032BFF1 /* GoogleService-Info.plist in Resources */ = {isa = PBXBuildFile; fileRef = 222D328124F934C80032BFF1 /* GoogleService-Info.plist */; };
		222D328424F936380032BFF1 /* AuthViewOutputProtocol.swift in Sources */ = {isa = PBXBuildFile; fileRef = 222D328324F936380032BFF1 /* AuthViewOutputProtocol.swift */; };
		222D328624F9364D0032BFF1 /* AuthViewInputProtocol.swift in Sources */ = {isa = PBXBuildFile; fileRef = 222D328524F9364D0032BFF1 /* AuthViewInputProtocol.swift */; };
		222D328824F938760032BFF1 /* AuthPresenter.swift in Sources */ = {isa = PBXBuildFile; fileRef = 222D328724F938760032BFF1 /* AuthPresenter.swift */; };
		222D328A24F939120032BFF1 /* AuthModuleInputProtocol.swift in Sources */ = {isa = PBXBuildFile; fileRef = 222D328924F939120032BFF1 /* AuthModuleInputProtocol.swift */; };
		222D328C24F939280032BFF1 /* AuthModuleOutputProtocol.swift in Sources */ = {isa = PBXBuildFile; fileRef = 222D328B24F939280032BFF1 /* AuthModuleOutputProtocol.swift */; };
		222D328E24F93F860032BFF1 /* AuthRouter.swift in Sources */ = {isa = PBXBuildFile; fileRef = 222D328D24F93F860032BFF1 /* AuthRouter.swift */; };
		222D329024F93FC90032BFF1 /* AuthRouterInputProtocol.swift in Sources */ = {isa = PBXBuildFile; fileRef = 222D328F24F93FC90032BFF1 /* AuthRouterInputProtocol.swift */; };
		222D329224F93FE70032BFF1 /* AuthRouterOutputProtocol.swift in Sources */ = {isa = PBXBuildFile; fileRef = 222D329124F93FE70032BFF1 /* AuthRouterOutputProtocol.swift */; };
		222D329424F941330032BFF1 /* AuthInteractor.swift in Sources */ = {isa = PBXBuildFile; fileRef = 222D329324F941330032BFF1 /* AuthInteractor.swift */; };
		222D329624F9440D0032BFF1 /* AuthInteractorInputProtocol.swift in Sources */ = {isa = PBXBuildFile; fileRef = 222D329524F9440D0032BFF1 /* AuthInteractorInputProtocol.swift */; };
		222D329824F944710032BFF1 /* AuthInteractorOutputProtocol.swift in Sources */ = {isa = PBXBuildFile; fileRef = 222D329724F944710032BFF1 /* AuthInteractorOutputProtocol.swift */; };
		222D329A24F948AA0032BFF1 /* AuthAssembly.swift in Sources */ = {isa = PBXBuildFile; fileRef = 222D329924F948AA0032BFF1 /* AuthAssembly.swift */; };
		2246FEBC242258510009F8EC /* Model.swift in Sources */ = {isa = PBXBuildFile; fileRef = 2246FEBB242258510009F8EC /* Model.swift */; };
		2246FEC12423B21F0009F8EC /* DetailViewController.swift in Sources */ = {isa = PBXBuildFile; fileRef = 2246FEC02423B21F0009F8EC /* DetailViewController.swift */; };
		2270F72E2429064800F1F730 /* ImageViewController.swift in Sources */ = {isa = PBXBuildFile; fileRef = 2270F72D2429064800F1F730 /* ImageViewController.swift */; };
		22718EEE246441B6006312A4 /* MoyaService.swift in Sources */ = {isa = PBXBuildFile; fileRef = 22718EED246441B6006312A4 /* MoyaService.swift */; };
		228580662456EF840075EC08 /* ImageAssembly.swift in Sources */ = {isa = PBXBuildFile; fileRef = 228580652456EF840075EC08 /* ImageAssembly.swift */; };
		228580682456F0A30075EC08 /* ImageInteractorInputProtocol.swift in Sources */ = {isa = PBXBuildFile; fileRef = 228580672456F0A30075EC08 /* ImageInteractorInputProtocol.swift */; };
		2285806A2456F0B10075EC08 /* ImageInteractorOutputProtocol.swift in Sources */ = {isa = PBXBuildFile; fileRef = 228580692456F0B10075EC08 /* ImageInteractorOutputProtocol.swift */; };
		2285806C2456F1890075EC08 /* ImageModuleInputProtocol.swift in Sources */ = {isa = PBXBuildFile; fileRef = 2285806B2456F1890075EC08 /* ImageModuleInputProtocol.swift */; };
		2285806E2456F1930075EC08 /* ImageModuleOutputProtocol.swift in Sources */ = {isa = PBXBuildFile; fileRef = 2285806D2456F1930075EC08 /* ImageModuleOutputProtocol.swift */; };
		228580702456F21E0075EC08 /* ImageViewInputProtocol.swift in Sources */ = {isa = PBXBuildFile; fileRef = 2285806F2456F21E0075EC08 /* ImageViewInputProtocol.swift */; };
		228580722456F2280075EC08 /* ImageViewOutputProtocol.swift in Sources */ = {isa = PBXBuildFile; fileRef = 228580712456F2280075EC08 /* ImageViewOutputProtocol.swift */; };
		228580742456F3490075EC08 /* ImageRouterInputProtocol.swift in Sources */ = {isa = PBXBuildFile; fileRef = 228580732456F3490075EC08 /* ImageRouterInputProtocol.swift */; };
		228580762456F3550075EC08 /* ImageRouterOutputProtocol.swift in Sources */ = {isa = PBXBuildFile; fileRef = 228580752456F3550075EC08 /* ImageRouterOutputProtocol.swift */; };
		228580782456F3E00075EC08 /* ImageRouter.swift in Sources */ = {isa = PBXBuildFile; fileRef = 228580772456F3E00075EC08 /* ImageRouter.swift */; };
		2285807B245702300075EC08 /* TableAssembly.swift in Sources */ = {isa = PBXBuildFile; fileRef = 2285807A245702300075EC08 /* TableAssembly.swift */; };
		2285807D2457029B0075EC08 /* TableInteractorInputProtocol.swift in Sources */ = {isa = PBXBuildFile; fileRef = 2285807C2457029B0075EC08 /* TableInteractorInputProtocol.swift */; };
		2285807F245702C20075EC08 /* TableInteractorOutputProtocol.swift in Sources */ = {isa = PBXBuildFile; fileRef = 2285807E245702C20075EC08 /* TableInteractorOutputProtocol.swift */; };
		228580812457070F0075EC08 /* TableModuleInputProtocol.swift in Sources */ = {isa = PBXBuildFile; fileRef = 228580802457070F0075EC08 /* TableModuleInputProtocol.swift */; };
		22858083245707210075EC08 /* TableModuleOutputProtocol.swift in Sources */ = {isa = PBXBuildFile; fileRef = 22858082245707210075EC08 /* TableModuleOutputProtocol.swift */; };
		22858085245707BB0075EC08 /* TableViewInputProtocol.swift in Sources */ = {isa = PBXBuildFile; fileRef = 22858084245707BB0075EC08 /* TableViewInputProtocol.swift */; };
		22858087245707C50075EC08 /* TableViewOutputProtocol.swift in Sources */ = {isa = PBXBuildFile; fileRef = 22858086245707C50075EC08 /* TableViewOutputProtocol.swift */; };
		2285808924570A2A0075EC08 /* TableRouterInputProtocol.swift in Sources */ = {isa = PBXBuildFile; fileRef = 2285808824570A2A0075EC08 /* TableRouterInputProtocol.swift */; };
		2285808B24570A340075EC08 /* TableRouterOutputProtocol.swift in Sources */ = {isa = PBXBuildFile; fileRef = 2285808A24570A340075EC08 /* TableRouterOutputProtocol.swift */; };
		2293CA462449B4F90072F59E /* CollectionAssembly.swift in Sources */ = {isa = PBXBuildFile; fileRef = 2293CA452449B4F90072F59E /* CollectionAssembly.swift */; };
		2293CA492449B6C80072F59E /* BaseViewController.swift in Sources */ = {isa = PBXBuildFile; fileRef = 2293CA482449B6C80072F59E /* BaseViewController.swift */; };
		2293CA4B2449B6D30072F59E /* BaseAssembly.swift in Sources */ = {isa = PBXBuildFile; fileRef = 2293CA4A2449B6D30072F59E /* BaseAssembly.swift */; };
		2293CA4D2449B6DF0072F59E /* BaseRouter.swift in Sources */ = {isa = PBXBuildFile; fileRef = 2293CA4C2449B6DF0072F59E /* BaseRouter.swift */; };
		2293CA4F2449B6E90072F59E /* BasePresenter.swift in Sources */ = {isa = PBXBuildFile; fileRef = 2293CA4E2449B6E90072F59E /* BasePresenter.swift */; };
		2293CA512449B7040072F59E /* BaseInteractor.swift in Sources */ = {isa = PBXBuildFile; fileRef = 2293CA502449B7040072F59E /* BaseInteractor.swift */; };
		2293CA532449C1440072F59E /* CollectionInteractorOutputProtocol.swift in Sources */ = {isa = PBXBuildFile; fileRef = 2293CA522449C1440072F59E /* CollectionInteractorOutputProtocol.swift */; };
		2293CA552449C2CE0072F59E /* CollectionModuleInputProtocol.swift in Sources */ = {isa = PBXBuildFile; fileRef = 2293CA542449C2CE0072F59E /* CollectionModuleInputProtocol.swift */; };
		2293CA572449C2DE0072F59E /* CollectionModuleOutputProtocol.swift in Sources */ = {isa = PBXBuildFile; fileRef = 2293CA562449C2DE0072F59E /* CollectionModuleOutputProtocol.swift */; };
		2293CA592449C40A0072F59E /* CollectionViewInputProtocol.swift in Sources */ = {isa = PBXBuildFile; fileRef = 2293CA582449C40A0072F59E /* CollectionViewInputProtocol.swift */; };
		2293CA5B2449C41A0072F59E /* CollectionViewOutputProtocol.swift in Sources */ = {isa = PBXBuildFile; fileRef = 2293CA5A2449C41A0072F59E /* CollectionViewOutputProtocol.swift */; };
		2293CA5D2449CB3F0072F59E /* CollectionRouterInputProtocol.swift in Sources */ = {isa = PBXBuildFile; fileRef = 2293CA5C2449CB3F0072F59E /* CollectionRouterInputProtocol.swift */; };
		2293CA5F2449CB500072F59E /* CollectionRouterOutputProtocol.swift in Sources */ = {isa = PBXBuildFile; fileRef = 2293CA5E2449CB500072F59E /* CollectionRouterOutputProtocol.swift */; };
		229E1CD72420EF20000F3957 /* AppDelegate.swift in Sources */ = {isa = PBXBuildFile; fileRef = 229E1CD62420EF20000F3957 /* AppDelegate.swift */; };
		229E1CD92420EF20000F3957 /* SceneDelegate.swift in Sources */ = {isa = PBXBuildFile; fileRef = 229E1CD82420EF20000F3957 /* SceneDelegate.swift */; };
		229E1CE02420EF27000F3957 /* Assets.xcassets in Resources */ = {isa = PBXBuildFile; fileRef = 229E1CDF2420EF27000F3957 /* Assets.xcassets */; };
		229E1CE32420EF27000F3957 /* LaunchScreen.storyboard in Resources */ = {isa = PBXBuildFile; fileRef = 229E1CE12420EF27000F3957 /* LaunchScreen.storyboard */; };
		22A16FA825011744008AD069 /* SignUpTextField.swift in Sources */ = {isa = PBXBuildFile; fileRef = 22A16FA725011744008AD069 /* SignUpTextField.swift */; };
		22B83D772434CFF90001FFB5 /* ImageViewController.xib in Resources */ = {isa = PBXBuildFile; fileRef = 22B83D762434CFF90001FFB5 /* ImageViewController.xib */; };
		22B83D842435E42E0001FFB5 /* CollectionViewController.swift in Sources */ = {isa = PBXBuildFile; fileRef = 22B83D822435E42E0001FFB5 /* CollectionViewController.swift */; };
		22B83D882435E4780001FFB5 /* ModelViewCell.swift in Sources */ = {isa = PBXBuildFile; fileRef = 22B83D862435E4780001FFB5 /* ModelViewCell.swift */; };
		22B83D892435E4780001FFB5 /* ModelViewCell.xib in Resources */ = {isa = PBXBuildFile; fileRef = 22B83D872435E4780001FFB5 /* ModelViewCell.xib */; };
		22B83D91243728F30001FFB5 /* TabBarController.swift in Sources */ = {isa = PBXBuildFile; fileRef = 22B83D90243728F30001FFB5 /* TabBarController.swift */; };
		22B83D99243785C70001FFB5 /* TableViewController.swift in Sources */ = {isa = PBXBuildFile; fileRef = 22B83D98243785C70001FFB5 /* TableViewController.swift */; };
		22CADCC3243205310038BAA7 /* Models.swift in Sources */ = {isa = PBXBuildFile; fileRef = 22CADCC2243205310038BAA7 /* Models.swift */; };
		22D0022C243F3E8A007A13C4 /* CollectionInteractorInputProtocol.swift in Sources */ = {isa = PBXBuildFile; fileRef = 22D00227243F3E8A007A13C4 /* CollectionInteractorInputProtocol.swift */; };
		22D00231243F5B55007A13C4 /* CollectionPresenter.swift in Sources */ = {isa = PBXBuildFile; fileRef = 22D00230243F5B55007A13C4 /* CollectionPresenter.swift */; };
		22D00235243F6B2C007A13C4 /* CollectionInteractor.swift in Sources */ = {isa = PBXBuildFile; fileRef = 22D00234243F6B2C007A13C4 /* CollectionInteractor.swift */; };
		22D0023F2440615E007A13C4 /* ServerService.swift in Sources */ = {isa = PBXBuildFile; fileRef = 22D0023E2440615E007A13C4 /* ServerService.swift */; };
		22D002412440CE54007A13C4 /* CollectionRouter.swift in Sources */ = {isa = PBXBuildFile; fileRef = 22D002402440CE54007A13C4 /* CollectionRouter.swift */; };
		22D0027B24426823007A13C4 /* DetailRouter.swift in Sources */ = {isa = PBXBuildFile; fileRef = 22D0027A24426823007A13C4 /* DetailRouter.swift */; };
		22D0027F2442687F007A13C4 /* DetailPresenter.swift in Sources */ = {isa = PBXBuildFile; fileRef = 22D0027E2442687F007A13C4 /* DetailPresenter.swift */; };
		22D00281244268E9007A13C4 /* DetailInteractorOutputProtocol.swift in Sources */ = {isa = PBXBuildFile; fileRef = 22D00280244268E9007A13C4 /* DetailInteractorOutputProtocol.swift */; };
		22D002832442690E007A13C4 /* DetailInteractor.swift in Sources */ = {isa = PBXBuildFile; fileRef = 22D002822442690E007A13C4 /* DetailInteractor.swift */; };
		22D0028D24446E46007A13C4 /* ImagePresenter.swift in Sources */ = {isa = PBXBuildFile; fileRef = 22D0028C24446E46007A13C4 /* ImagePresenter.swift */; };
		22D0029224446E84007A13C4 /* ImageInteractor.swift in Sources */ = {isa = PBXBuildFile; fileRef = 22D0029124446E84007A13C4 /* ImageInteractor.swift */; };
		22D0029A24448633007A13C4 /* TableRouter.swift in Sources */ = {isa = PBXBuildFile; fileRef = 22D0029924448633007A13C4 /* TableRouter.swift */; };
		22D0029F2444874B007A13C4 /* TablePresenter.swift in Sources */ = {isa = PBXBuildFile; fileRef = 22D0029E2444874B007A13C4 /* TablePresenter.swift */; };
		22D002A4244487C0007A13C4 /* TableInteractor.swift in Sources */ = {isa = PBXBuildFile; fileRef = 22D002A3244487C0007A13C4 /* TableInteractor.swift */; };
		22D002B62444A04E007A13C4 /* ScaleCar.json in Resources */ = {isa = PBXBuildFile; fileRef = 22D002B52444A04E007A13C4 /* ScaleCar.json */; };
		22D78AB0258A83B1004164B5 /* ViewController.xib in Resources */ = {isa = PBXBuildFile; fileRef = 22D78AAF258A83B1004164B5 /* ViewController.xib */; };
		22E36D4324FFBCBC00733317 /* AccountBarButton.swift in Sources */ = {isa = PBXBuildFile; fileRef = 22E36D4224FFBCBC00733317 /* AccountBarButton.swift */; };
		22E36D6024FFD6B600733317 /* SignUpViewOutputProtocol.swift in Sources */ = {isa = PBXBuildFile; fileRef = 22E36D5E24FFD6B600733317 /* SignUpViewOutputProtocol.swift */; };
		22E36D6124FFD6B600733317 /* SignUpViewInputProtocol.swift in Sources */ = {isa = PBXBuildFile; fileRef = 22E36D5F24FFD6B600733317 /* SignUpViewInputProtocol.swift */; };
		22E36D6424FFD6E500733317 /* SignUpViewController.swift in Sources */ = {isa = PBXBuildFile; fileRef = 22E36D6224FFD6E500733317 /* SignUpViewController.swift */; };
		22E36D6524FFD6E500733317 /* SignUpViewController.xib in Resources */ = {isa = PBXBuildFile; fileRef = 22E36D6324FFD6E500733317 /* SignUpViewController.xib */; };
		22E36D7124FFD8CB00733317 /* SignUpModuleInputProtocol.swift in Sources */ = {isa = PBXBuildFile; fileRef = 22E36D6E24FFD8C800733317 /* SignUpModuleInputProtocol.swift */; };
		22E36D7224FFD8CB00733317 /* SignUpModuleOutputProtocol.swift in Sources */ = {isa = PBXBuildFile; fileRef = 22E36D6F24FFD8C900733317 /* SignUpModuleOutputProtocol.swift */; };
		22E36D7324FFD8CB00733317 /* SignUpPresenter.swift in Sources */ = {isa = PBXBuildFile; fileRef = 22E36D7024FFD8CB00733317 /* SignUpPresenter.swift */; };
		22E36D7A24FFD92600733317 /* SignUpRouter.swift in Sources */ = {isa = PBXBuildFile; fileRef = 22E36D7724FFD92600733317 /* SignUpRouter.swift */; };
		22E36D7B24FFD92600733317 /* SignUpRouterInputProtocol.swift in Sources */ = {isa = PBXBuildFile; fileRef = 22E36D7824FFD92600733317 /* SignUpRouterInputProtocol.swift */; };
		22E36D7C24FFD92600733317 /* SignUpRouterOutputProtocol.swift in Sources */ = {isa = PBXBuildFile; fileRef = 22E36D7924FFD92600733317 /* SignUpRouterOutputProtocol.swift */; };
		22E36D8024FFD95A00733317 /* SignUpAssembly.swift in Sources */ = {isa = PBXBuildFile; fileRef = 22E36D7F24FFD95A00733317 /* SignUpAssembly.swift */; };
		22E36D8424FFD97700733317 /* SignUpInteractor.swift in Sources */ = {isa = PBXBuildFile; fileRef = 22E36D8124FFD97300733317 /* SignUpInteractor.swift */; };
		22E36D8524FFD97700733317 /* SignUpInteractorInputProtocol.swift in Sources */ = {isa = PBXBuildFile; fileRef = 22E36D8224FFD97500733317 /* SignUpInteractorInputProtocol.swift */; };
		22E36D8624FFD97700733317 /* SignUpInteractorOutputProtocol.swift in Sources */ = {isa = PBXBuildFile; fileRef = 22E36D8324FFD97700733317 /* SignUpInteractorOutputProtocol.swift */; };
		22F09B29244D864B00440E6A /* DetailAssembly.swift in Sources */ = {isa = PBXBuildFile; fileRef = 22F09B28244D864B00440E6A /* DetailAssembly.swift */; };
		22F09B2B244D870600440E6A /* DetailInteractorInputProtocol.swift in Sources */ = {isa = PBXBuildFile; fileRef = 22F09B2A244D870600440E6A /* DetailInteractorInputProtocol.swift */; };
		22F09B2D244D88AF00440E6A /* DetailModuleInputProtocol.swift in Sources */ = {isa = PBXBuildFile; fileRef = 22F09B2C244D88AF00440E6A /* DetailModuleInputProtocol.swift */; };
		22F09B2F244D88DE00440E6A /* DetailModuleOutputProtocol.swift in Sources */ = {isa = PBXBuildFile; fileRef = 22F09B2E244D88DE00440E6A /* DetailModuleOutputProtocol.swift */; };
		22F09B31244D896000440E6A /* DetailViewOutputProtocol.swift in Sources */ = {isa = PBXBuildFile; fileRef = 22F09B30244D896000440E6A /* DetailViewOutputProtocol.swift */; };
		22F09B33244D897000440E6A /* DetailViewInputProtocol.swift in Sources */ = {isa = PBXBuildFile; fileRef = 22F09B32244D897000440E6A /* DetailViewInputProtocol.swift */; };
		22F09B35244D8F4400440E6A /* DetailRouterOutputProtocol.swift in Sources */ = {isa = PBXBuildFile; fileRef = 22F09B34244D8F4400440E6A /* DetailRouterOutputProtocol.swift */; };
		22F09B37244D8F5A00440E6A /* DetailRouterInputProtocol.swift in Sources */ = {isa = PBXBuildFile; fileRef = 22F09B36244D8F5A00440E6A /* DetailRouterInputProtocol.swift */; };
		387188C2C60E525A94EDA869 /* Pods_ScaleModelCatalog.framework in Frameworks */ = {isa = PBXBuildFile; fileRef = 3EDDE32FEC47308C760A2A28 /* Pods_ScaleModelCatalog.framework */; };
		40679EF2258A237100F44343 /* FavsViewController.swift in Sources */ = {isa = PBXBuildFile; fileRef = 40679EF1258A237100F44343 /* FavsViewController.swift */; };
		40679EF6258A23BC00F44343 /* FavsViewControllerInputProtocol.swift in Sources */ = {isa = PBXBuildFile; fileRef = 40679EF5258A23BC00F44343 /* FavsViewControllerInputProtocol.swift */; };
		40679EF9258A23D900F44343 /* FavsViewControllerOutputProtocol.swift in Sources */ = {isa = PBXBuildFile; fileRef = 40679EF8258A23D900F44343 /* FavsViewControllerOutputProtocol.swift */; };
		40679EFC258A23F800F44343 /* FavsPresenter.swift in Sources */ = {isa = PBXBuildFile; fileRef = 40679EFB258A23F800F44343 /* FavsPresenter.swift */; };
		40679EFF258A240F00F44343 /* FavsModuleInputProtocol.swift in Sources */ = {isa = PBXBuildFile; fileRef = 40679EFE258A240F00F44343 /* FavsModuleInputProtocol.swift */; };
		40679F02258A244400F44343 /* FavsModuleOutputProtocol.swift in Sources */ = {isa = PBXBuildFile; fileRef = 40679F01258A244400F44343 /* FavsModuleOutputProtocol.swift */; };
		40679F05258A245200F44343 /* FavsRouter.swift in Sources */ = {isa = PBXBuildFile; fileRef = 40679F04258A245200F44343 /* FavsRouter.swift */; };
		40679F08258A246400F44343 /* FavsRouterInputProtocol.swift in Sources */ = {isa = PBXBuildFile; fileRef = 40679F07258A246400F44343 /* FavsRouterInputProtocol.swift */; };
		40679F0B258A247A00F44343 /* FavsRouterOutputProtocol.swift in Sources */ = {isa = PBXBuildFile; fileRef = 40679F0A258A247A00F44343 /* FavsRouterOutputProtocol.swift */; };
		40679F0E258A248C00F44343 /* FavsInteractor.swift in Sources */ = {isa = PBXBuildFile; fileRef = 40679F0D258A248C00F44343 /* FavsInteractor.swift */; };
		40679F11258A24A300F44343 /* FavsInteractorInputProtocol.swift in Sources */ = {isa = PBXBuildFile; fileRef = 40679F10258A24A300F44343 /* FavsInteractorInputProtocol.swift */; };
		40679F14258A24CD00F44343 /* FavsInteractorOutputProtocol.swift in Sources */ = {isa = PBXBuildFile; fileRef = 40679F13258A24CD00F44343 /* FavsInteractorOutputProtocol.swift */; };
		40679F17258A24EC00F44343 /* FavsAssembly.swift in Sources */ = {isa = PBXBuildFile; fileRef = 40679F16258A24EC00F44343 /* FavsAssembly.swift */; };
/* End PBXBuildFile section */

/* Begin PBXFileReference section */
		1CF502BA672542AC711C7651 /* Pods-ScaleModelCatalog.debug.xcconfig */ = {isa = PBXFileReference; includeInIndex = 1; lastKnownFileType = text.xcconfig; name = "Pods-ScaleModelCatalog.debug.xcconfig"; path = "Target Support Files/Pods-ScaleModelCatalog/Pods-ScaleModelCatalog.debug.xcconfig"; sourceTree = "<group>"; };
		222D327D24F924690032BFF1 /* AuthViewController.swift */ = {isa = PBXFileReference; lastKnownFileType = sourcecode.swift; path = AuthViewController.swift; sourceTree = "<group>"; };
		222D327E24F924690032BFF1 /* AuthViewController.xib */ = {isa = PBXFileReference; lastKnownFileType = file.xib; path = AuthViewController.xib; sourceTree = "<group>"; };
		222D328124F934C80032BFF1 /* GoogleService-Info.plist */ = {isa = PBXFileReference; fileEncoding = 4; lastKnownFileType = text.plist.xml; path = "GoogleService-Info.plist"; sourceTree = "<group>"; };
		222D328324F936380032BFF1 /* AuthViewOutputProtocol.swift */ = {isa = PBXFileReference; lastKnownFileType = sourcecode.swift; path = AuthViewOutputProtocol.swift; sourceTree = "<group>"; };
		222D328524F9364D0032BFF1 /* AuthViewInputProtocol.swift */ = {isa = PBXFileReference; lastKnownFileType = sourcecode.swift; path = AuthViewInputProtocol.swift; sourceTree = "<group>"; };
		222D328724F938760032BFF1 /* AuthPresenter.swift */ = {isa = PBXFileReference; lastKnownFileType = sourcecode.swift; path = AuthPresenter.swift; sourceTree = "<group>"; };
		222D328924F939120032BFF1 /* AuthModuleInputProtocol.swift */ = {isa = PBXFileReference; lastKnownFileType = sourcecode.swift; path = AuthModuleInputProtocol.swift; sourceTree = "<group>"; };
		222D328B24F939280032BFF1 /* AuthModuleOutputProtocol.swift */ = {isa = PBXFileReference; lastKnownFileType = sourcecode.swift; path = AuthModuleOutputProtocol.swift; sourceTree = "<group>"; };
		222D328D24F93F860032BFF1 /* AuthRouter.swift */ = {isa = PBXFileReference; lastKnownFileType = sourcecode.swift; path = AuthRouter.swift; sourceTree = "<group>"; };
		222D328F24F93FC90032BFF1 /* AuthRouterInputProtocol.swift */ = {isa = PBXFileReference; lastKnownFileType = sourcecode.swift; path = AuthRouterInputProtocol.swift; sourceTree = "<group>"; };
		222D329124F93FE70032BFF1 /* AuthRouterOutputProtocol.swift */ = {isa = PBXFileReference; lastKnownFileType = sourcecode.swift; path = AuthRouterOutputProtocol.swift; sourceTree = "<group>"; };
		222D329324F941330032BFF1 /* AuthInteractor.swift */ = {isa = PBXFileReference; lastKnownFileType = sourcecode.swift; path = AuthInteractor.swift; sourceTree = "<group>"; };
		222D329524F9440D0032BFF1 /* AuthInteractorInputProtocol.swift */ = {isa = PBXFileReference; lastKnownFileType = sourcecode.swift; path = AuthInteractorInputProtocol.swift; sourceTree = "<group>"; };
		222D329724F944710032BFF1 /* AuthInteractorOutputProtocol.swift */ = {isa = PBXFileReference; lastKnownFileType = sourcecode.swift; path = AuthInteractorOutputProtocol.swift; sourceTree = "<group>"; };
		222D329924F948AA0032BFF1 /* AuthAssembly.swift */ = {isa = PBXFileReference; lastKnownFileType = sourcecode.swift; path = AuthAssembly.swift; sourceTree = "<group>"; };
		2246FEBB242258510009F8EC /* Model.swift */ = {isa = PBXFileReference; lastKnownFileType = sourcecode.swift; path = Model.swift; sourceTree = "<group>"; };
		2246FEC02423B21F0009F8EC /* DetailViewController.swift */ = {isa = PBXFileReference; lastKnownFileType = sourcecode.swift; path = DetailViewController.swift; sourceTree = "<group>"; };
		2270F72D2429064800F1F730 /* ImageViewController.swift */ = {isa = PBXFileReference; lastKnownFileType = sourcecode.swift; path = ImageViewController.swift; sourceTree = "<group>"; };
		22718EED246441B6006312A4 /* MoyaService.swift */ = {isa = PBXFileReference; lastKnownFileType = sourcecode.swift; path = MoyaService.swift; sourceTree = "<group>"; };
		228580652456EF840075EC08 /* ImageAssembly.swift */ = {isa = PBXFileReference; lastKnownFileType = sourcecode.swift; path = ImageAssembly.swift; sourceTree = "<group>"; };
		228580672456F0A30075EC08 /* ImageInteractorInputProtocol.swift */ = {isa = PBXFileReference; lastKnownFileType = sourcecode.swift; path = ImageInteractorInputProtocol.swift; sourceTree = "<group>"; };
		228580692456F0B10075EC08 /* ImageInteractorOutputProtocol.swift */ = {isa = PBXFileReference; lastKnownFileType = sourcecode.swift; path = ImageInteractorOutputProtocol.swift; sourceTree = "<group>"; };
		2285806B2456F1890075EC08 /* ImageModuleInputProtocol.swift */ = {isa = PBXFileReference; lastKnownFileType = sourcecode.swift; path = ImageModuleInputProtocol.swift; sourceTree = "<group>"; };
		2285806D2456F1930075EC08 /* ImageModuleOutputProtocol.swift */ = {isa = PBXFileReference; lastKnownFileType = sourcecode.swift; path = ImageModuleOutputProtocol.swift; sourceTree = "<group>"; };
		2285806F2456F21E0075EC08 /* ImageViewInputProtocol.swift */ = {isa = PBXFileReference; lastKnownFileType = sourcecode.swift; path = ImageViewInputProtocol.swift; sourceTree = "<group>"; };
		228580712456F2280075EC08 /* ImageViewOutputProtocol.swift */ = {isa = PBXFileReference; lastKnownFileType = sourcecode.swift; path = ImageViewOutputProtocol.swift; sourceTree = "<group>"; };
		228580732456F3490075EC08 /* ImageRouterInputProtocol.swift */ = {isa = PBXFileReference; lastKnownFileType = sourcecode.swift; path = ImageRouterInputProtocol.swift; sourceTree = "<group>"; };
		228580752456F3550075EC08 /* ImageRouterOutputProtocol.swift */ = {isa = PBXFileReference; lastKnownFileType = sourcecode.swift; path = ImageRouterOutputProtocol.swift; sourceTree = "<group>"; };
		228580772456F3E00075EC08 /* ImageRouter.swift */ = {isa = PBXFileReference; lastKnownFileType = sourcecode.swift; path = ImageRouter.swift; sourceTree = "<group>"; };
		2285807A245702300075EC08 /* TableAssembly.swift */ = {isa = PBXFileReference; lastKnownFileType = sourcecode.swift; path = TableAssembly.swift; sourceTree = "<group>"; };
		2285807C2457029B0075EC08 /* TableInteractorInputProtocol.swift */ = {isa = PBXFileReference; lastKnownFileType = sourcecode.swift; path = TableInteractorInputProtocol.swift; sourceTree = "<group>"; };
		2285807E245702C20075EC08 /* TableInteractorOutputProtocol.swift */ = {isa = PBXFileReference; lastKnownFileType = sourcecode.swift; path = TableInteractorOutputProtocol.swift; sourceTree = "<group>"; };
		228580802457070F0075EC08 /* TableModuleInputProtocol.swift */ = {isa = PBXFileReference; lastKnownFileType = sourcecode.swift; path = TableModuleInputProtocol.swift; sourceTree = "<group>"; };
		22858082245707210075EC08 /* TableModuleOutputProtocol.swift */ = {isa = PBXFileReference; lastKnownFileType = sourcecode.swift; path = TableModuleOutputProtocol.swift; sourceTree = "<group>"; };
		22858084245707BB0075EC08 /* TableViewInputProtocol.swift */ = {isa = PBXFileReference; lastKnownFileType = sourcecode.swift; path = TableViewInputProtocol.swift; sourceTree = "<group>"; };
		22858086245707C50075EC08 /* TableViewOutputProtocol.swift */ = {isa = PBXFileReference; lastKnownFileType = sourcecode.swift; path = TableViewOutputProtocol.swift; sourceTree = "<group>"; };
		2285808824570A2A0075EC08 /* TableRouterInputProtocol.swift */ = {isa = PBXFileReference; lastKnownFileType = sourcecode.swift; path = TableRouterInputProtocol.swift; sourceTree = "<group>"; };
		2285808A24570A340075EC08 /* TableRouterOutputProtocol.swift */ = {isa = PBXFileReference; lastKnownFileType = sourcecode.swift; path = TableRouterOutputProtocol.swift; sourceTree = "<group>"; };
		2293CA452449B4F90072F59E /* CollectionAssembly.swift */ = {isa = PBXFileReference; lastKnownFileType = sourcecode.swift; path = CollectionAssembly.swift; sourceTree = "<group>"; };
		2293CA482449B6C80072F59E /* BaseViewController.swift */ = {isa = PBXFileReference; lastKnownFileType = sourcecode.swift; path = BaseViewController.swift; sourceTree = "<group>"; };
		2293CA4A2449B6D30072F59E /* BaseAssembly.swift */ = {isa = PBXFileReference; lastKnownFileType = sourcecode.swift; path = BaseAssembly.swift; sourceTree = "<group>"; };
		2293CA4C2449B6DF0072F59E /* BaseRouter.swift */ = {isa = PBXFileReference; lastKnownFileType = sourcecode.swift; path = BaseRouter.swift; sourceTree = "<group>"; };
		2293CA4E2449B6E90072F59E /* BasePresenter.swift */ = {isa = PBXFileReference; lastKnownFileType = sourcecode.swift; path = BasePresenter.swift; sourceTree = "<group>"; };
		2293CA502449B7040072F59E /* BaseInteractor.swift */ = {isa = PBXFileReference; lastKnownFileType = sourcecode.swift; path = BaseInteractor.swift; sourceTree = "<group>"; };
		2293CA522449C1440072F59E /* CollectionInteractorOutputProtocol.swift */ = {isa = PBXFileReference; lastKnownFileType = sourcecode.swift; path = CollectionInteractorOutputProtocol.swift; sourceTree = "<group>"; };
		2293CA542449C2CE0072F59E /* CollectionModuleInputProtocol.swift */ = {isa = PBXFileReference; lastKnownFileType = sourcecode.swift; path = CollectionModuleInputProtocol.swift; sourceTree = "<group>"; };
		2293CA562449C2DE0072F59E /* CollectionModuleOutputProtocol.swift */ = {isa = PBXFileReference; lastKnownFileType = sourcecode.swift; path = CollectionModuleOutputProtocol.swift; sourceTree = "<group>"; };
		2293CA582449C40A0072F59E /* CollectionViewInputProtocol.swift */ = {isa = PBXFileReference; lastKnownFileType = sourcecode.swift; path = CollectionViewInputProtocol.swift; sourceTree = "<group>"; };
		2293CA5A2449C41A0072F59E /* CollectionViewOutputProtocol.swift */ = {isa = PBXFileReference; lastKnownFileType = sourcecode.swift; path = CollectionViewOutputProtocol.swift; sourceTree = "<group>"; };
		2293CA5C2449CB3F0072F59E /* CollectionRouterInputProtocol.swift */ = {isa = PBXFileReference; lastKnownFileType = sourcecode.swift; path = CollectionRouterInputProtocol.swift; sourceTree = "<group>"; };
		2293CA5E2449CB500072F59E /* CollectionRouterOutputProtocol.swift */ = {isa = PBXFileReference; lastKnownFileType = sourcecode.swift; path = CollectionRouterOutputProtocol.swift; sourceTree = "<group>"; };
		229E1CD32420EF20000F3957 /* ScaleModelCatalog.app */ = {isa = PBXFileReference; explicitFileType = wrapper.application; includeInIndex = 0; path = ScaleModelCatalog.app; sourceTree = BUILT_PRODUCTS_DIR; };
		229E1CD62420EF20000F3957 /* AppDelegate.swift */ = {isa = PBXFileReference; lastKnownFileType = sourcecode.swift; path = AppDelegate.swift; sourceTree = "<group>"; };
		229E1CD82420EF20000F3957 /* SceneDelegate.swift */ = {isa = PBXFileReference; lastKnownFileType = sourcecode.swift; path = SceneDelegate.swift; sourceTree = "<group>"; };
		229E1CDF2420EF27000F3957 /* Assets.xcassets */ = {isa = PBXFileReference; lastKnownFileType = folder.assetcatalog; path = Assets.xcassets; sourceTree = "<group>"; };
		229E1CE22420EF27000F3957 /* Base */ = {isa = PBXFileReference; lastKnownFileType = file.storyboard; name = Base; path = Base.lproj/LaunchScreen.storyboard; sourceTree = "<group>"; };
		229E1CE42420EF27000F3957 /* Info.plist */ = {isa = PBXFileReference; lastKnownFileType = text.plist.xml; path = Info.plist; sourceTree = "<group>"; };
		22A16FA725011744008AD069 /* SignUpTextField.swift */ = {isa = PBXFileReference; lastKnownFileType = sourcecode.swift; path = SignUpTextField.swift; sourceTree = "<group>"; };
		22B83D762434CFF90001FFB5 /* ImageViewController.xib */ = {isa = PBXFileReference; lastKnownFileType = file.xib; path = ImageViewController.xib; sourceTree = "<group>"; };
		22B83D822435E42E0001FFB5 /* CollectionViewController.swift */ = {isa = PBXFileReference; lastKnownFileType = sourcecode.swift; path = CollectionViewController.swift; sourceTree = "<group>"; };
		22B83D862435E4780001FFB5 /* ModelViewCell.swift */ = {isa = PBXFileReference; lastKnownFileType = sourcecode.swift; path = ModelViewCell.swift; sourceTree = "<group>"; };
		22B83D872435E4780001FFB5 /* ModelViewCell.xib */ = {isa = PBXFileReference; lastKnownFileType = file.xib; path = ModelViewCell.xib; sourceTree = "<group>"; };
		22B83D90243728F30001FFB5 /* TabBarController.swift */ = {isa = PBXFileReference; lastKnownFileType = sourcecode.swift; path = TabBarController.swift; sourceTree = "<group>"; };
		22B83D98243785C70001FFB5 /* TableViewController.swift */ = {isa = PBXFileReference; lastKnownFileType = sourcecode.swift; path = TableViewController.swift; sourceTree = "<group>"; };
		22CADCC2243205310038BAA7 /* Models.swift */ = {isa = PBXFileReference; lastKnownFileType = sourcecode.swift; path = Models.swift; sourceTree = "<group>"; };
		22D00227243F3E8A007A13C4 /* CollectionInteractorInputProtocol.swift */ = {isa = PBXFileReference; fileEncoding = 4; lastKnownFileType = sourcecode.swift; path = CollectionInteractorInputProtocol.swift; sourceTree = "<group>"; };
		22D00230243F5B55007A13C4 /* CollectionPresenter.swift */ = {isa = PBXFileReference; lastKnownFileType = sourcecode.swift; path = CollectionPresenter.swift; sourceTree = "<group>"; };
		22D00234243F6B2C007A13C4 /* CollectionInteractor.swift */ = {isa = PBXFileReference; lastKnownFileType = sourcecode.swift; path = CollectionInteractor.swift; sourceTree = "<group>"; };
		22D0023E2440615E007A13C4 /* ServerService.swift */ = {isa = PBXFileReference; lastKnownFileType = sourcecode.swift; path = ServerService.swift; sourceTree = "<group>"; };
		22D002402440CE54007A13C4 /* CollectionRouter.swift */ = {isa = PBXFileReference; lastKnownFileType = sourcecode.swift; path = CollectionRouter.swift; sourceTree = "<group>"; };
		22D0027A24426823007A13C4 /* DetailRouter.swift */ = {isa = PBXFileReference; lastKnownFileType = sourcecode.swift; path = DetailRouter.swift; sourceTree = "<group>"; };
		22D0027E2442687F007A13C4 /* DetailPresenter.swift */ = {isa = PBXFileReference; lastKnownFileType = sourcecode.swift; path = DetailPresenter.swift; sourceTree = "<group>"; };
		22D00280244268E9007A13C4 /* DetailInteractorOutputProtocol.swift */ = {isa = PBXFileReference; lastKnownFileType = sourcecode.swift; path = DetailInteractorOutputProtocol.swift; sourceTree = "<group>"; };
		22D002822442690E007A13C4 /* DetailInteractor.swift */ = {isa = PBXFileReference; lastKnownFileType = sourcecode.swift; path = DetailInteractor.swift; sourceTree = "<group>"; };
		22D0028C24446E46007A13C4 /* ImagePresenter.swift */ = {isa = PBXFileReference; lastKnownFileType = sourcecode.swift; path = ImagePresenter.swift; sourceTree = "<group>"; };
		22D0029124446E84007A13C4 /* ImageInteractor.swift */ = {isa = PBXFileReference; lastKnownFileType = sourcecode.swift; path = ImageInteractor.swift; sourceTree = "<group>"; };
		22D0029924448633007A13C4 /* TableRouter.swift */ = {isa = PBXFileReference; lastKnownFileType = sourcecode.swift; path = TableRouter.swift; sourceTree = "<group>"; };
		22D0029E2444874B007A13C4 /* TablePresenter.swift */ = {isa = PBXFileReference; lastKnownFileType = sourcecode.swift; path = TablePresenter.swift; sourceTree = "<group>"; };
		22D002A3244487C0007A13C4 /* TableInteractor.swift */ = {isa = PBXFileReference; lastKnownFileType = sourcecode.swift; path = TableInteractor.swift; sourceTree = "<group>"; };
		22D002B52444A04E007A13C4 /* ScaleCar.json */ = {isa = PBXFileReference; fileEncoding = 4; lastKnownFileType = text.json; path = ScaleCar.json; sourceTree = "<group>"; };
		22D78AAF258A83B1004164B5 /* ViewController.xib */ = {isa = PBXFileReference; lastKnownFileType = file.xib; path = ViewController.xib; sourceTree = "<group>"; };
		22E36D4224FFBCBC00733317 /* AccountBarButton.swift */ = {isa = PBXFileReference; lastKnownFileType = sourcecode.swift; path = AccountBarButton.swift; sourceTree = "<group>"; };
		22E36D5E24FFD6B600733317 /* SignUpViewOutputProtocol.swift */ = {isa = PBXFileReference; fileEncoding = 4; lastKnownFileType = sourcecode.swift; path = SignUpViewOutputProtocol.swift; sourceTree = "<group>"; };
		22E36D5F24FFD6B600733317 /* SignUpViewInputProtocol.swift */ = {isa = PBXFileReference; fileEncoding = 4; lastKnownFileType = sourcecode.swift; path = SignUpViewInputProtocol.swift; sourceTree = "<group>"; };
		22E36D6224FFD6E500733317 /* SignUpViewController.swift */ = {isa = PBXFileReference; lastKnownFileType = sourcecode.swift; path = SignUpViewController.swift; sourceTree = "<group>"; };
		22E36D6324FFD6E500733317 /* SignUpViewController.xib */ = {isa = PBXFileReference; lastKnownFileType = file.xib; path = SignUpViewController.xib; sourceTree = "<group>"; };
		22E36D6E24FFD8C800733317 /* SignUpModuleInputProtocol.swift */ = {isa = PBXFileReference; fileEncoding = 4; lastKnownFileType = sourcecode.swift; path = SignUpModuleInputProtocol.swift; sourceTree = "<group>"; };
		22E36D6F24FFD8C900733317 /* SignUpModuleOutputProtocol.swift */ = {isa = PBXFileReference; fileEncoding = 4; lastKnownFileType = sourcecode.swift; path = SignUpModuleOutputProtocol.swift; sourceTree = "<group>"; };
		22E36D7024FFD8CB00733317 /* SignUpPresenter.swift */ = {isa = PBXFileReference; fileEncoding = 4; lastKnownFileType = sourcecode.swift; path = SignUpPresenter.swift; sourceTree = "<group>"; };
		22E36D7724FFD92600733317 /* SignUpRouter.swift */ = {isa = PBXFileReference; fileEncoding = 4; lastKnownFileType = sourcecode.swift; path = SignUpRouter.swift; sourceTree = "<group>"; };
		22E36D7824FFD92600733317 /* SignUpRouterInputProtocol.swift */ = {isa = PBXFileReference; fileEncoding = 4; lastKnownFileType = sourcecode.swift; path = SignUpRouterInputProtocol.swift; sourceTree = "<group>"; };
		22E36D7924FFD92600733317 /* SignUpRouterOutputProtocol.swift */ = {isa = PBXFileReference; fileEncoding = 4; lastKnownFileType = sourcecode.swift; path = SignUpRouterOutputProtocol.swift; sourceTree = "<group>"; };
		22E36D7F24FFD95A00733317 /* SignUpAssembly.swift */ = {isa = PBXFileReference; fileEncoding = 4; lastKnownFileType = sourcecode.swift; path = SignUpAssembly.swift; sourceTree = "<group>"; };
		22E36D8124FFD97300733317 /* SignUpInteractor.swift */ = {isa = PBXFileReference; fileEncoding = 4; lastKnownFileType = sourcecode.swift; path = SignUpInteractor.swift; sourceTree = "<group>"; };
		22E36D8224FFD97500733317 /* SignUpInteractorInputProtocol.swift */ = {isa = PBXFileReference; fileEncoding = 4; lastKnownFileType = sourcecode.swift; path = SignUpInteractorInputProtocol.swift; sourceTree = "<group>"; };
		22E36D8324FFD97700733317 /* SignUpInteractorOutputProtocol.swift */ = {isa = PBXFileReference; fileEncoding = 4; lastKnownFileType = sourcecode.swift; path = SignUpInteractorOutputProtocol.swift; sourceTree = "<group>"; };
		22F09B28244D864B00440E6A /* DetailAssembly.swift */ = {isa = PBXFileReference; lastKnownFileType = sourcecode.swift; path = DetailAssembly.swift; sourceTree = "<group>"; };
		22F09B2A244D870600440E6A /* DetailInteractorInputProtocol.swift */ = {isa = PBXFileReference; lastKnownFileType = sourcecode.swift; path = DetailInteractorInputProtocol.swift; sourceTree = "<group>"; };
		22F09B2C244D88AF00440E6A /* DetailModuleInputProtocol.swift */ = {isa = PBXFileReference; lastKnownFileType = sourcecode.swift; path = DetailModuleInputProtocol.swift; sourceTree = "<group>"; };
		22F09B2E244D88DE00440E6A /* DetailModuleOutputProtocol.swift */ = {isa = PBXFileReference; lastKnownFileType = sourcecode.swift; path = DetailModuleOutputProtocol.swift; sourceTree = "<group>"; };
		22F09B30244D896000440E6A /* DetailViewOutputProtocol.swift */ = {isa = PBXFileReference; lastKnownFileType = sourcecode.swift; path = DetailViewOutputProtocol.swift; sourceTree = "<group>"; };
		22F09B32244D897000440E6A /* DetailViewInputProtocol.swift */ = {isa = PBXFileReference; lastKnownFileType = sourcecode.swift; path = DetailViewInputProtocol.swift; sourceTree = "<group>"; };
		22F09B34244D8F4400440E6A /* DetailRouterOutputProtocol.swift */ = {isa = PBXFileReference; lastKnownFileType = sourcecode.swift; path = DetailRouterOutputProtocol.swift; sourceTree = "<group>"; };
		22F09B36244D8F5A00440E6A /* DetailRouterInputProtocol.swift */ = {isa = PBXFileReference; lastKnownFileType = sourcecode.swift; path = DetailRouterInputProtocol.swift; sourceTree = "<group>"; };
		349CF61C67B4385DF9206135 /* Pods-ScaleModelCatalog.release.xcconfig */ = {isa = PBXFileReference; includeInIndex = 1; lastKnownFileType = text.xcconfig; name = "Pods-ScaleModelCatalog.release.xcconfig"; path = "Target Support Files/Pods-ScaleModelCatalog/Pods-ScaleModelCatalog.release.xcconfig"; sourceTree = "<group>"; };
		3EDDE32FEC47308C760A2A28 /* Pods_ScaleModelCatalog.framework */ = {isa = PBXFileReference; explicitFileType = wrapper.framework; includeInIndex = 0; path = Pods_ScaleModelCatalog.framework; sourceTree = BUILT_PRODUCTS_DIR; };
		40679EF1258A237100F44343 /* FavsViewController.swift */ = {isa = PBXFileReference; lastKnownFileType = sourcecode.swift; path = FavsViewController.swift; sourceTree = "<group>"; };
		40679EF5258A23BC00F44343 /* FavsViewControllerInputProtocol.swift */ = {isa = PBXFileReference; lastKnownFileType = sourcecode.swift; path = FavsViewControllerInputProtocol.swift; sourceTree = "<group>"; };
		40679EF8258A23D900F44343 /* FavsViewControllerOutputProtocol.swift */ = {isa = PBXFileReference; lastKnownFileType = sourcecode.swift; path = FavsViewControllerOutputProtocol.swift; sourceTree = "<group>"; };
		40679EFB258A23F800F44343 /* FavsPresenter.swift */ = {isa = PBXFileReference; lastKnownFileType = sourcecode.swift; path = FavsPresenter.swift; sourceTree = "<group>"; };
		40679EFE258A240F00F44343 /* FavsModuleInputProtocol.swift */ = {isa = PBXFileReference; lastKnownFileType = sourcecode.swift; path = FavsModuleInputProtocol.swift; sourceTree = "<group>"; };
		40679F01258A244400F44343 /* FavsModuleOutputProtocol.swift */ = {isa = PBXFileReference; lastKnownFileType = sourcecode.swift; path = FavsModuleOutputProtocol.swift; sourceTree = "<group>"; };
		40679F04258A245200F44343 /* FavsRouter.swift */ = {isa = PBXFileReference; lastKnownFileType = sourcecode.swift; path = FavsRouter.swift; sourceTree = "<group>"; };
		40679F07258A246400F44343 /* FavsRouterInputProtocol.swift */ = {isa = PBXFileReference; lastKnownFileType = sourcecode.swift; path = FavsRouterInputProtocol.swift; sourceTree = "<group>"; };
		40679F0A258A247A00F44343 /* FavsRouterOutputProtocol.swift */ = {isa = PBXFileReference; lastKnownFileType = sourcecode.swift; path = FavsRouterOutputProtocol.swift; sourceTree = "<group>"; };
		40679F0D258A248C00F44343 /* FavsInteractor.swift */ = {isa = PBXFileReference; lastKnownFileType = sourcecode.swift; path = FavsInteractor.swift; sourceTree = "<group>"; };
		40679F10258A24A300F44343 /* FavsInteractorInputProtocol.swift */ = {isa = PBXFileReference; lastKnownFileType = sourcecode.swift; path = FavsInteractorInputProtocol.swift; sourceTree = "<group>"; };
		40679F13258A24CD00F44343 /* FavsInteractorOutputProtocol.swift */ = {isa = PBXFileReference; lastKnownFileType = sourcecode.swift; path = FavsInteractorOutputProtocol.swift; sourceTree = "<group>"; };
		40679F16258A24EC00F44343 /* FavsAssembly.swift */ = {isa = PBXFileReference; lastKnownFileType = sourcecode.swift; path = FavsAssembly.swift; sourceTree = "<group>"; };
/* End PBXFileReference section */

/* Begin PBXFrameworksBuildPhase section */
		229E1CD02420EF20000F3957 /* Frameworks */ = {
			isa = PBXFrameworksBuildPhase;
			buildActionMask = 2147483647;
			files = (
				387188C2C60E525A94EDA869 /* Pods_ScaleModelCatalog.framework in Frameworks */,
			);
			runOnlyForDeploymentPostprocessing = 0;
		};
/* End PBXFrameworksBuildPhase section */

/* Begin PBXGroup section */
		0A8CDFC1DCCE3A6C654B878E /* Pods */ = {
			isa = PBXGroup;
			children = (
				1CF502BA672542AC711C7651 /* Pods-ScaleModelCatalog.debug.xcconfig */,
				349CF61C67B4385DF9206135 /* Pods-ScaleModelCatalog.release.xcconfig */,
			);
			path = Pods;
			sourceTree = "<group>";
		};
		222D327524F915F90032BFF1 /* Auth */ = {
			isa = PBXGroup;
			children = (
				222D327A24F916460032BFF1 /* Router */,
				222D327924F916400032BFF1 /* View */,
				222D327824F916390032BFF1 /* Presenter */,
				222D327724F9161E0032BFF1 /* Interactor */,
				222D327624F916120032BFF1 /* Assembly */,
			);
			path = Auth;
			sourceTree = "<group>";
		};
		222D327624F916120032BFF1 /* Assembly */ = {
			isa = PBXGroup;
			children = (
				222D329924F948AA0032BFF1 /* AuthAssembly.swift */,
			);
			path = Assembly;
			sourceTree = "<group>";
		};
		222D327724F9161E0032BFF1 /* Interactor */ = {
			isa = PBXGroup;
			children = (
				222D329324F941330032BFF1 /* AuthInteractor.swift */,
				222D329524F9440D0032BFF1 /* AuthInteractorInputProtocol.swift */,
				222D329724F944710032BFF1 /* AuthInteractorOutputProtocol.swift */,
			);
			path = Interactor;
			sourceTree = "<group>";
		};
		222D327824F916390032BFF1 /* Presenter */ = {
			isa = PBXGroup;
			children = (
				222D328724F938760032BFF1 /* AuthPresenter.swift */,
				222D328B24F939280032BFF1 /* AuthModuleOutputProtocol.swift */,
				222D328924F939120032BFF1 /* AuthModuleInputProtocol.swift */,
			);
			path = Presenter;
			sourceTree = "<group>";
		};
		222D327924F916400032BFF1 /* View */ = {
			isa = PBXGroup;
			children = (
				222D327D24F924690032BFF1 /* AuthViewController.swift */,
				222D328324F936380032BFF1 /* AuthViewOutputProtocol.swift */,
				222D328524F9364D0032BFF1 /* AuthViewInputProtocol.swift */,
				222D327E24F924690032BFF1 /* AuthViewController.xib */,
			);
			path = View;
			sourceTree = "<group>";
		};
		222D327A24F916460032BFF1 /* Router */ = {
			isa = PBXGroup;
			children = (
				222D328D24F93F860032BFF1 /* AuthRouter.swift */,
				222D328F24F93FC90032BFF1 /* AuthRouterInputProtocol.swift */,
				222D329124F93FE70032BFF1 /* AuthRouterOutputProtocol.swift */,
			);
			path = Router;
			sourceTree = "<group>";
		};
		228580642456EF5F0075EC08 /* Assembly */ = {
			isa = PBXGroup;
			children = (
				228580652456EF840075EC08 /* ImageAssembly.swift */,
			);
			path = Assembly;
			sourceTree = "<group>";
		};
		228580792457021C0075EC08 /* Assembly */ = {
			isa = PBXGroup;
			children = (
				2285807A245702300075EC08 /* TableAssembly.swift */,
			);
			path = Assembly;
			sourceTree = "<group>";
		};
		2292E21D243B7CF600762704 /* TabBar */ = {
			isa = PBXGroup;
			children = (
				22B83D90243728F30001FFB5 /* TabBarController.swift */,
			);
			path = TabBar;
			sourceTree = "<group>";
		};
		2292E21E243B7D0200762704 /* TableView */ = {
			isa = PBXGroup;
			children = (
				228580792457021C0075EC08 /* Assembly */,
				22D002A024448784007A13C4 /* Interactor */,
				22D0029B2444872A007A13C4 /* Presenter */,
				22D002A52444886E007A13C4 /* View */,
				22D0029624448608007A13C4 /* Router */,
			);
			path = TableView;
			sourceTree = "<group>";
		};
		2293CA442449B4DC0072F59E /* Assembly */ = {
			isa = PBXGroup;
			children = (
				2293CA452449B4F90072F59E /* CollectionAssembly.swift */,
			);
			path = Assembly;
			sourceTree = "<group>";
		};
		2293CA472449B6B20072F59E /* Base */ = {
			isa = PBXGroup;
			children = (
				2293CA482449B6C80072F59E /* BaseViewController.swift */,
				2293CA4A2449B6D30072F59E /* BaseAssembly.swift */,
				2293CA4C2449B6DF0072F59E /* BaseRouter.swift */,
				2293CA4E2449B6E90072F59E /* BasePresenter.swift */,
				2293CA502449B7040072F59E /* BaseInteractor.swift */,
			);
			path = Base;
			sourceTree = "<group>";
		};
		229E1CCA2420EF20000F3957 = {
			isa = PBXGroup;
			children = (
				229E1CD52420EF20000F3957 /* ScaleModelCatalog */,
				0A8CDFC1DCCE3A6C654B878E /* Pods */,
				E02AAD010D29E02651A00C9C /* Frameworks */,
			);
			sourceTree = "<group>";
		};
		229E1CD42420EF20000F3957 /* Products */ = {
			isa = PBXGroup;
			children = (
				229E1CD32420EF20000F3957 /* ScaleModelCatalog.app */,
			);
			name = Products;
			path = ..;
			sourceTree = "<group>";
		};
		229E1CD52420EF20000F3957 /* ScaleModelCatalog */ = {
			isa = PBXGroup;
			children = (
				222D328124F934C80032BFF1 /* GoogleService-Info.plist */,
				2293CA472449B6B20072F59E /* Base */,
				22D002B52444A04E007A13C4 /* ScaleCar.json */,
				22D0023D24405670007A13C4 /* Services */,
				22D0022F243F5877007A13C4 /* Entities */,
				22D0023C2440564E007A13C4 /* Modules */,
				229E1CE42420EF27000F3957 /* Info.plist */,
				229E1CD82420EF20000F3957 /* SceneDelegate.swift */,
				229E1CD62420EF20000F3957 /* AppDelegate.swift */,
				229E1CDF2420EF27000F3957 /* Assets.xcassets */,
				229E1CE12420EF27000F3957 /* LaunchScreen.storyboard */,
				229E1CD42420EF20000F3957 /* Products */,
			);
			path = ScaleModelCatalog;
			sourceTree = "<group>";
		};
		22B83D8B2436255A0001FFB5 /* ModelCell */ = {
			isa = PBXGroup;
			children = (
				22B83D862435E4780001FFB5 /* ModelViewCell.swift */,
				22B83D872435E4780001FFB5 /* ModelViewCell.xib */,
			);
			path = ModelCell;
			sourceTree = "<group>";
		};
		22B83D8D2436257F0001FFB5 /* ImageView */ = {
			isa = PBXGroup;
			children = (
				228580642456EF5F0075EC08 /* Assembly */,
				22D0028E24446E55007A13C4 /* Interactor */,
				22D0028924446E2B007A13C4 /* Presenter */,
				22D0029324446E8B007A13C4 /* View */,
				22D0028424446D10007A13C4 /* Router */,
			);
			path = ImageView;
			sourceTree = "<group>";
		};
		22B83D8E243625930001FFB5 /* DetailView */ = {
			isa = PBXGroup;
			children = (
				22F09B27244D861400440E6A /* Assembly */,
				22D002702442670D007A13C4 /* Interactor */,
				22D0027124426718007A13C4 /* Presenter */,
				22D00265244264D5007A13C4 /* View */,
				22D0027224426723007A13C4 /* Router */,
			);
			path = DetailView;
			sourceTree = "<group>";
		};
		22B83D8F2436259E0001FFB5 /* Collection */ = {
			isa = PBXGroup;
			children = (
				2293CA442449B4DC0072F59E /* Assembly */,
				22D00226243F3E8A007A13C4 /* Interactor */,
				22D00228243F3E8A007A13C4 /* Presenter */,
				22D0022A243F3E8A007A13C4 /* View */,
				22D00223243F3DF7007A13C4 /* Router */,
				22B83D8B2436255A0001FFB5 /* ModelCell */,
			);
			path = Collection;
			sourceTree = "<group>";
		};
		22D00223243F3DF7007A13C4 /* Router */ = {
			isa = PBXGroup;
			children = (
				2293CA5E2449CB500072F59E /* CollectionRouterOutputProtocol.swift */,
				2293CA5C2449CB3F0072F59E /* CollectionRouterInputProtocol.swift */,
				22D002402440CE54007A13C4 /* CollectionRouter.swift */,
			);
			path = Router;
			sourceTree = "<group>";
		};
		22D00226243F3E8A007A13C4 /* Interactor */ = {
			isa = PBXGroup;
			children = (
				22D00227243F3E8A007A13C4 /* CollectionInteractorInputProtocol.swift */,
				2293CA522449C1440072F59E /* CollectionInteractorOutputProtocol.swift */,
				22D00234243F6B2C007A13C4 /* CollectionInteractor.swift */,
			);
			path = Interactor;
			sourceTree = "<group>";
		};
		22D00228243F3E8A007A13C4 /* Presenter */ = {
			isa = PBXGroup;
			children = (
				2293CA542449C2CE0072F59E /* CollectionModuleInputProtocol.swift */,
				2293CA562449C2DE0072F59E /* CollectionModuleOutputProtocol.swift */,
				22D00230243F5B55007A13C4 /* CollectionPresenter.swift */,
			);
			path = Presenter;
			sourceTree = "<group>";
		};
		22D0022A243F3E8A007A13C4 /* View */ = {
			isa = PBXGroup;
			children = (
				2293CA5A2449C41A0072F59E /* CollectionViewOutputProtocol.swift */,
				2293CA582449C40A0072F59E /* CollectionViewInputProtocol.swift */,
				22B83D822435E42E0001FFB5 /* CollectionViewController.swift */,
				22D78AAF258A83B1004164B5 /* ViewController.xib */,
			);
			path = View;
			sourceTree = "<group>";
		};
		22D0022F243F5877007A13C4 /* Entities */ = {
			isa = PBXGroup;
			children = (
				2246FEBB242258510009F8EC /* Model.swift */,
				22CADCC2243205310038BAA7 /* Models.swift */,
			);
			path = Entities;
			sourceTree = "<group>";
		};
		22D0023C2440564E007A13C4 /* Modules */ = {
			isa = PBXGroup;
			children = (
				40679EEB258A233800F44343 /* Favs */,
				22E36D4424FFD03800733317 /* SignUp */,
				222D327524F915F90032BFF1 /* Auth */,
				22B83D8F2436259E0001FFB5 /* Collection */,
				22B83D8E243625930001FFB5 /* DetailView */,
				22B83D8D2436257F0001FFB5 /* ImageView */,
				2292E21D243B7CF600762704 /* TabBar */,
				2292E21E243B7D0200762704 /* TableView */,
				22E36D4224FFBCBC00733317 /* AccountBarButton.swift */,
				22A16FA725011744008AD069 /* SignUpTextField.swift */,
			);
			path = Modules;
			sourceTree = "<group>";
		};
		22D0023D24405670007A13C4 /* Services */ = {
			isa = PBXGroup;
			children = (
				22D0023E2440615E007A13C4 /* ServerService.swift */,
				22718EED246441B6006312A4 /* MoyaService.swift */,
			);
			path = Services;
			sourceTree = "<group>";
		};
		22D00265244264D5007A13C4 /* View */ = {
			isa = PBXGroup;
			children = (
				2246FEC02423B21F0009F8EC /* DetailViewController.swift */,
				22F09B30244D896000440E6A /* DetailViewOutputProtocol.swift */,
				22F09B32244D897000440E6A /* DetailViewInputProtocol.swift */,
			);
			path = View;
			sourceTree = "<group>";
		};
		22D002702442670D007A13C4 /* Interactor */ = {
			isa = PBXGroup;
			children = (
				22D00280244268E9007A13C4 /* DetailInteractorOutputProtocol.swift */,
				22D002822442690E007A13C4 /* DetailInteractor.swift */,
				22F09B2A244D870600440E6A /* DetailInteractorInputProtocol.swift */,
			);
			path = Interactor;
			sourceTree = "<group>";
		};
		22D0027124426718007A13C4 /* Presenter */ = {
			isa = PBXGroup;
			children = (
				22F09B2C244D88AF00440E6A /* DetailModuleInputProtocol.swift */,
				22F09B2E244D88DE00440E6A /* DetailModuleOutputProtocol.swift */,
				22D0027E2442687F007A13C4 /* DetailPresenter.swift */,
			);
			path = Presenter;
			sourceTree = "<group>";
		};
		22D0027224426723007A13C4 /* Router */ = {
			isa = PBXGroup;
			children = (
				22D0027A24426823007A13C4 /* DetailRouter.swift */,
				22F09B34244D8F4400440E6A /* DetailRouterOutputProtocol.swift */,
				22F09B36244D8F5A00440E6A /* DetailRouterInputProtocol.swift */,
			);
			path = Router;
			sourceTree = "<group>";
		};
		22D0028424446D10007A13C4 /* Router */ = {
			isa = PBXGroup;
			children = (
				228580752456F3550075EC08 /* ImageRouterOutputProtocol.swift */,
				228580732456F3490075EC08 /* ImageRouterInputProtocol.swift */,
				228580772456F3E00075EC08 /* ImageRouter.swift */,
			);
			path = Router;
			sourceTree = "<group>";
		};
		22D0028924446E2B007A13C4 /* Presenter */ = {
			isa = PBXGroup;
			children = (
				2285806D2456F1930075EC08 /* ImageModuleOutputProtocol.swift */,
				22D0028C24446E46007A13C4 /* ImagePresenter.swift */,
				2285806B2456F1890075EC08 /* ImageModuleInputProtocol.swift */,
			);
			path = Presenter;
			sourceTree = "<group>";
		};
		22D0028E24446E55007A13C4 /* Interactor */ = {
			isa = PBXGroup;
			children = (
				228580692456F0B10075EC08 /* ImageInteractorOutputProtocol.swift */,
				228580672456F0A30075EC08 /* ImageInteractorInputProtocol.swift */,
				22D0029124446E84007A13C4 /* ImageInteractor.swift */,
			);
			path = Interactor;
			sourceTree = "<group>";
		};
		22D0029324446E8B007A13C4 /* View */ = {
			isa = PBXGroup;
			children = (
				22B83D762434CFF90001FFB5 /* ImageViewController.xib */,
				2270F72D2429064800F1F730 /* ImageViewController.swift */,
				2285806F2456F21E0075EC08 /* ImageViewInputProtocol.swift */,
				228580712456F2280075EC08 /* ImageViewOutputProtocol.swift */,
			);
			path = View;
			sourceTree = "<group>";
		};
		22D0029624448608007A13C4 /* Router */ = {
			isa = PBXGroup;
			children = (
				2285808A24570A340075EC08 /* TableRouterOutputProtocol.swift */,
				2285808824570A2A0075EC08 /* TableRouterInputProtocol.swift */,
				22D0029924448633007A13C4 /* TableRouter.swift */,
			);
			path = Router;
			sourceTree = "<group>";
		};
		22D0029B2444872A007A13C4 /* Presenter */ = {
			isa = PBXGroup;
			children = (
				228580802457070F0075EC08 /* TableModuleInputProtocol.swift */,
				22858082245707210075EC08 /* TableModuleOutputProtocol.swift */,
				22D0029E2444874B007A13C4 /* TablePresenter.swift */,
			);
			path = Presenter;
			sourceTree = "<group>";
		};
		22D002A024448784007A13C4 /* Interactor */ = {
			isa = PBXGroup;
			children = (
				2285807E245702C20075EC08 /* TableInteractorOutputProtocol.swift */,
				2285807C2457029B0075EC08 /* TableInteractorInputProtocol.swift */,
				22D002A3244487C0007A13C4 /* TableInteractor.swift */,
			);
			path = Interactor;
			sourceTree = "<group>";
		};
		22D002A52444886E007A13C4 /* View */ = {
			isa = PBXGroup;
			children = (
				22858086245707C50075EC08 /* TableViewOutputProtocol.swift */,
				22858084245707BB0075EC08 /* TableViewInputProtocol.swift */,
				22B83D98243785C70001FFB5 /* TableViewController.swift */,
			);
			path = View;
			sourceTree = "<group>";
		};
		22E36D4424FFD03800733317 /* SignUp */ = {
			isa = PBXGroup;
			children = (
				22E36D7D24FFD93F00733317 /* Assembly */,
				22E36D7E24FFD94100733317 /* Interactor */,
				22E36D7624FFD92600733317 /* Router */,
				22E36D6D24FFD8BE00733317 /* Presenter */,
				22E36D4824FFD05A00733317 /* View */,
			);
			path = SignUp;
			sourceTree = "<group>";
		};
		22E36D4824FFD05A00733317 /* View */ = {
			isa = PBXGroup;
			children = (
				22E36D5F24FFD6B600733317 /* SignUpViewInputProtocol.swift */,
				22E36D5E24FFD6B600733317 /* SignUpViewOutputProtocol.swift */,
				22E36D6224FFD6E500733317 /* SignUpViewController.swift */,
				22E36D6324FFD6E500733317 /* SignUpViewController.xib */,
			);
			path = View;
			sourceTree = "<group>";
		};
		22E36D6D24FFD8BE00733317 /* Presenter */ = {
			isa = PBXGroup;
			children = (
				22E36D6E24FFD8C800733317 /* SignUpModuleInputProtocol.swift */,
				22E36D6F24FFD8C900733317 /* SignUpModuleOutputProtocol.swift */,
				22E36D7024FFD8CB00733317 /* SignUpPresenter.swift */,
			);
			path = Presenter;
			sourceTree = "<group>";
		};
		22E36D7624FFD92600733317 /* Router */ = {
			isa = PBXGroup;
			children = (
				22E36D7724FFD92600733317 /* SignUpRouter.swift */,
				22E36D7824FFD92600733317 /* SignUpRouterInputProtocol.swift */,
				22E36D7924FFD92600733317 /* SignUpRouterOutputProtocol.swift */,
			);
			path = Router;
			sourceTree = "<group>";
		};
		22E36D7D24FFD93F00733317 /* Assembly */ = {
			isa = PBXGroup;
			children = (
				22E36D7F24FFD95A00733317 /* SignUpAssembly.swift */,
			);
			path = Assembly;
			sourceTree = "<group>";
		};
		22E36D7E24FFD94100733317 /* Interactor */ = {
			isa = PBXGroup;
			children = (
				22E36D8124FFD97300733317 /* SignUpInteractor.swift */,
				22E36D8224FFD97500733317 /* SignUpInteractorInputProtocol.swift */,
				22E36D8324FFD97700733317 /* SignUpInteractorOutputProtocol.swift */,
			);
			path = Interactor;
			sourceTree = "<group>";
		};
		22F09B27244D861400440E6A /* Assembly */ = {
			isa = PBXGroup;
			children = (
				22F09B28244D864B00440E6A /* DetailAssembly.swift */,
			);
			path = Assembly;
			sourceTree = "<group>";
		};
		40679EEB258A233800F44343 /* Favs */ = {
			isa = PBXGroup;
			children = (
				40679EF0258A236100F44343 /* View */,
				40679EEF258A235400F44343 /* Presenter */,
				40679EEE258A234E00F44343 /* Router */,
				40679EED258A234800F44343 /* Interactor */,
				40679EEC258A234000F44343 /* Assembly */,
			);
			path = Favs;
			sourceTree = "<group>";
		};
		40679EEC258A234000F44343 /* Assembly */ = {
			isa = PBXGroup;
			children = (
				40679F16258A24EC00F44343 /* FavsAssembly.swift */,
			);
			path = Assembly;
			sourceTree = "<group>";
		};
		40679EED258A234800F44343 /* Interactor */ = {
			isa = PBXGroup;
			children = (
				40679F0D258A248C00F44343 /* FavsInteractor.swift */,
				40679F13258A24CD00F44343 /* FavsInteractorOutputProtocol.swift */,
				40679F10258A24A300F44343 /* FavsInteractorInputProtocol.swift */,
			);
			path = Interactor;
			sourceTree = "<group>";
		};
		40679EEE258A234E00F44343 /* Router */ = {
			isa = PBXGroup;
			children = (
				40679F04258A245200F44343 /* FavsRouter.swift */,
				40679F07258A246400F44343 /* FavsRouterInputProtocol.swift */,
				40679F0A258A247A00F44343 /* FavsRouterOutputProtocol.swift */,
			);
			path = Router;
			sourceTree = "<group>";
		};
		40679EEF258A235400F44343 /* Presenter */ = {
			isa = PBXGroup;
			children = (
				40679EFB258A23F800F44343 /* FavsPresenter.swift */,
				40679EFE258A240F00F44343 /* FavsModuleInputProtocol.swift */,
				40679F01258A244400F44343 /* FavsModuleOutputProtocol.swift */,
			);
			path = Presenter;
			sourceTree = "<group>";
		};
		40679EF0258A236100F44343 /* View */ = {
			isa = PBXGroup;
			children = (
				40679EF1258A237100F44343 /* FavsViewController.swift */,
				40679EF5258A23BC00F44343 /* FavsViewControllerInputProtocol.swift */,
				40679EF8258A23D900F44343 /* FavsViewControllerOutputProtocol.swift */,
			);
			path = View;
			sourceTree = "<group>";
		};
		E02AAD010D29E02651A00C9C /* Frameworks */ = {
			isa = PBXGroup;
			children = (
				3EDDE32FEC47308C760A2A28 /* Pods_ScaleModelCatalog.framework */,
			);
			name = Frameworks;
			sourceTree = "<group>";
		};
/* End PBXGroup section */

/* Begin PBXNativeTarget section */
		229E1CD22420EF20000F3957 /* ScaleModelCatalog */ = {
			isa = PBXNativeTarget;
			buildConfigurationList = 229E1CE72420EF27000F3957 /* Build configuration list for PBXNativeTarget "ScaleModelCatalog" */;
			buildPhases = (
				6660524FD1B5ED672B56A4CA /* [CP] Check Pods Manifest.lock */,
				229E1CCF2420EF20000F3957 /* Sources */,
				229E1CD02420EF20000F3957 /* Frameworks */,
				229E1CD12420EF20000F3957 /* Resources */,
				F64776D79BC67A0B785A0813 /* [CP] Embed Pods Frameworks */,
			);
			buildRules = (
			);
			dependencies = (
			);
			name = ScaleModelCatalog;
			productName = ScaleModelCatalog;
			productReference = 229E1CD32420EF20000F3957 /* ScaleModelCatalog.app */;
			productType = "com.apple.product-type.application";
		};
/* End PBXNativeTarget section */

/* Begin PBXProject section */
		229E1CCB2420EF20000F3957 /* Project object */ = {
			isa = PBXProject;
			attributes = {
				LastSwiftUpdateCheck = 1130;
				LastUpgradeCheck = 1130;
				ORGANIZATIONNAME = "Vladislav Bondarev";
				TargetAttributes = {
					229E1CD22420EF20000F3957 = {
						CreatedOnToolsVersion = 11.3;
					};
				};
			};
			buildConfigurationList = 229E1CCE2420EF20000F3957 /* Build configuration list for PBXProject "ScaleModelCatalog" */;
			compatibilityVersion = "Xcode 9.3";
			developmentRegion = en;
			hasScannedForEncodings = 0;
			knownRegions = (
				en,
				Base,
			);
			mainGroup = 229E1CCA2420EF20000F3957;
			productRefGroup = 229E1CD42420EF20000F3957 /* Products */;
			projectDirPath = "";
			projectRoot = "";
			targets = (
				229E1CD22420EF20000F3957 /* ScaleModelCatalog */,
			);
		};
/* End PBXProject section */

/* Begin PBXResourcesBuildPhase section */
		229E1CD12420EF20000F3957 /* Resources */ = {
			isa = PBXResourcesBuildPhase;
			buildActionMask = 2147483647;
			files = (
				22D78AB0258A83B1004164B5 /* ViewController.xib in Resources */,
				22E36D6524FFD6E500733317 /* SignUpViewController.xib in Resources */,
				222D328024F924690032BFF1 /* AuthViewController.xib in Resources */,
				222D328224F934C80032BFF1 /* GoogleService-Info.plist in Resources */,
				22D002B62444A04E007A13C4 /* ScaleCar.json in Resources */,
				229E1CE32420EF27000F3957 /* LaunchScreen.storyboard in Resources */,
				22B83D772434CFF90001FFB5 /* ImageViewController.xib in Resources */,
				229E1CE02420EF27000F3957 /* Assets.xcassets in Resources */,
				22B83D892435E4780001FFB5 /* ModelViewCell.xib in Resources */,
			);
			runOnlyForDeploymentPostprocessing = 0;
		};
/* End PBXResourcesBuildPhase section */

/* Begin PBXShellScriptBuildPhase section */
		6660524FD1B5ED672B56A4CA /* [CP] Check Pods Manifest.lock */ = {
			isa = PBXShellScriptBuildPhase;
			buildActionMask = 2147483647;
			files = (
			);
			inputFileListPaths = (
			);
			inputPaths = (
				"${PODS_PODFILE_DIR_PATH}/Podfile.lock",
				"${PODS_ROOT}/Manifest.lock",
			);
			name = "[CP] Check Pods Manifest.lock";
			outputFileListPaths = (
			);
			outputPaths = (
				"$(DERIVED_FILE_DIR)/Pods-ScaleModelCatalog-checkManifestLockResult.txt",
			);
			runOnlyForDeploymentPostprocessing = 0;
			shellPath = /bin/sh;
			shellScript = "diff \"${PODS_PODFILE_DIR_PATH}/Podfile.lock\" \"${PODS_ROOT}/Manifest.lock\" > /dev/null\nif [ $? != 0 ] ; then\n    # print error to STDERR\n    echo \"error: The sandbox is not in sync with the Podfile.lock. Run 'pod install' or update your CocoaPods installation.\" >&2\n    exit 1\nfi\n# This output is used by Xcode 'outputs' to avoid re-running this script phase.\necho \"SUCCESS\" > \"${SCRIPT_OUTPUT_FILE_0}\"\n";
			showEnvVarsInLog = 0;
		};
		F64776D79BC67A0B785A0813 /* [CP] Embed Pods Frameworks */ = {
			isa = PBXShellScriptBuildPhase;
			buildActionMask = 2147483647;
			files = (
			);
			inputFileListPaths = (
				"${PODS_ROOT}/Target Support Files/Pods-ScaleModelCatalog/Pods-ScaleModelCatalog-frameworks-${CONFIGURATION}-input-files.xcfilelist",
			);
			name = "[CP] Embed Pods Frameworks";
			outputFileListPaths = (
				"${PODS_ROOT}/Target Support Files/Pods-ScaleModelCatalog/Pods-ScaleModelCatalog-frameworks-${CONFIGURATION}-output-files.xcfilelist",
			);
			runOnlyForDeploymentPostprocessing = 0;
			shellPath = /bin/sh;
			shellScript = "\"${PODS_ROOT}/Target Support Files/Pods-ScaleModelCatalog/Pods-ScaleModelCatalog-frameworks.sh\"\n";
			showEnvVarsInLog = 0;
		};
/* End PBXShellScriptBuildPhase section */

/* Begin PBXSourcesBuildPhase section */
		229E1CCF2420EF20000F3957 /* Sources */ = {
			isa = PBXSourcesBuildPhase;
			buildActionMask = 2147483647;
			files = (
				22E36D7A24FFD92600733317 /* SignUpRouter.swift in Sources */,
				22D0029A24448633007A13C4 /* TableRouter.swift in Sources */,
				2285808B24570A340075EC08 /* TableRouterOutputProtocol.swift in Sources */,
				22E36D8024FFD95A00733317 /* SignUpAssembly.swift in Sources */,
				40679F08258A246400F44343 /* FavsRouterInputProtocol.swift in Sources */,
				40679F17258A24EC00F44343 /* FavsAssembly.swift in Sources */,
				22E36D7124FFD8CB00733317 /* SignUpModuleInputProtocol.swift in Sources */,
				228580682456F0A30075EC08 /* ImageInteractorInputProtocol.swift in Sources */,
				40679EF2258A237100F44343 /* FavsViewController.swift in Sources */,
				222D329224F93FE70032BFF1 /* AuthRouterOutputProtocol.swift in Sources */,
				22D0027B24426823007A13C4 /* DetailRouter.swift in Sources */,
				2285806A2456F0B10075EC08 /* ImageInteractorOutputProtocol.swift in Sources */,
				22E36D6424FFD6E500733317 /* SignUpViewController.swift in Sources */,
				22E36D4324FFBCBC00733317 /* AccountBarButton.swift in Sources */,
				2285808924570A2A0075EC08 /* TableRouterInputProtocol.swift in Sources */,
				2293CA5B2449C41A0072F59E /* CollectionViewOutputProtocol.swift in Sources */,
				22D0027F2442687F007A13C4 /* DetailPresenter.swift in Sources */,
				222D328424F936380032BFF1 /* AuthViewOutputProtocol.swift in Sources */,
				222D329024F93FC90032BFF1 /* AuthRouterInputProtocol.swift in Sources */,
				22D00281244268E9007A13C4 /* DetailInteractorOutputProtocol.swift in Sources */,
				40679F11258A24A300F44343 /* FavsInteractorInputProtocol.swift in Sources */,
				40679EF6258A23BC00F44343 /* FavsViewControllerInputProtocol.swift in Sources */,
				228580702456F21E0075EC08 /* ImageViewInputProtocol.swift in Sources */,
				22D0029224446E84007A13C4 /* ImageInteractor.swift in Sources */,
				228580782456F3E00075EC08 /* ImageRouter.swift in Sources */,
				22718EEE246441B6006312A4 /* MoyaService.swift in Sources */,
				22D002A4244487C0007A13C4 /* TableInteractor.swift in Sources */,
				22B83D842435E42E0001FFB5 /* CollectionViewController.swift in Sources */,
				2285807D2457029B0075EC08 /* TableInteractorInputProtocol.swift in Sources */,
				40679F0E258A248C00F44343 /* FavsInteractor.swift in Sources */,
				2285806C2456F1890075EC08 /* ImageModuleInputProtocol.swift in Sources */,
				222D328C24F939280032BFF1 /* AuthModuleOutputProtocol.swift in Sources */,
				2293CA492449B6C80072F59E /* BaseViewController.swift in Sources */,
				2293CA532449C1440072F59E /* CollectionInteractorOutputProtocol.swift in Sources */,
				2293CA552449C2CE0072F59E /* CollectionModuleInputProtocol.swift in Sources */,
				2293CA512449B7040072F59E /* BaseInteractor.swift in Sources */,
				40679F05258A245200F44343 /* FavsRouter.swift in Sources */,
				2246FEBC242258510009F8EC /* Model.swift in Sources */,
				222D327F24F924690032BFF1 /* AuthViewController.swift in Sources */,
				22F09B33244D897000440E6A /* DetailViewInputProtocol.swift in Sources */,
				22D0022C243F3E8A007A13C4 /* CollectionInteractorInputProtocol.swift in Sources */,
				2285807B245702300075EC08 /* TableAssembly.swift in Sources */,
				22D002832442690E007A13C4 /* DetailInteractor.swift in Sources */,
				229E1CD72420EF20000F3957 /* AppDelegate.swift in Sources */,
				2293CA4D2449B6DF0072F59E /* BaseRouter.swift in Sources */,
				22E36D6024FFD6B600733317 /* SignUpViewOutputProtocol.swift in Sources */,
				22E36D7C24FFD92600733317 /* SignUpRouterOutputProtocol.swift in Sources */,
				222D329624F9440D0032BFF1 /* AuthInteractorInputProtocol.swift in Sources */,
				40679F02258A244400F44343 /* FavsModuleOutputProtocol.swift in Sources */,
				22B83D99243785C70001FFB5 /* TableViewController.swift in Sources */,
				2293CA5D2449CB3F0072F59E /* CollectionRouterInputProtocol.swift in Sources */,
				22D0023F2440615E007A13C4 /* ServerService.swift in Sources */,
				2293CA4F2449B6E90072F59E /* BasePresenter.swift in Sources */,
				22858087245707C50075EC08 /* TableViewOutputProtocol.swift in Sources */,
				22D0029F2444874B007A13C4 /* TablePresenter.swift in Sources */,
				2285807F245702C20075EC08 /* TableInteractorOutputProtocol.swift in Sources */,
				222D328824F938760032BFF1 /* AuthPresenter.swift in Sources */,
				40679EF9258A23D900F44343 /* FavsViewControllerOutputProtocol.swift in Sources */,
				40679EFC258A23F800F44343 /* FavsPresenter.swift in Sources */,
				228580762456F3550075EC08 /* ImageRouterOutputProtocol.swift in Sources */,
				22F09B2B244D870600440E6A /* DetailInteractorInputProtocol.swift in Sources */,
				2285806E2456F1930075EC08 /* ImageModuleOutputProtocol.swift in Sources */,
				40679F14258A24CD00F44343 /* FavsInteractorOutputProtocol.swift in Sources */,
				2293CA592449C40A0072F59E /* CollectionViewInputProtocol.swift in Sources */,
				22E36D7224FFD8CB00733317 /* SignUpModuleOutputProtocol.swift in Sources */,
				40679F0B258A247A00F44343 /* FavsRouterOutputProtocol.swift in Sources */,
				22858083245707210075EC08 /* TableModuleOutputProtocol.swift in Sources */,
				228580722456F2280075EC08 /* ImageViewOutputProtocol.swift in Sources */,
				22F09B2D244D88AF00440E6A /* DetailModuleInputProtocol.swift in Sources */,
				22E36D6124FFD6B600733317 /* SignUpViewInputProtocol.swift in Sources */,
				22F09B2F244D88DE00440E6A /* DetailModuleOutputProtocol.swift in Sources */,
				22B83D91243728F30001FFB5 /* TabBarController.swift in Sources */,
				222D329A24F948AA0032BFF1 /* AuthAssembly.swift in Sources */,
				22858085245707BB0075EC08 /* TableViewInputProtocol.swift in Sources */,
				22B83D882435E4780001FFB5 /* ModelViewCell.swift in Sources */,
				22E36D8624FFD97700733317 /* SignUpInteractorOutputProtocol.swift in Sources */,
				2293CA4B2449B6D30072F59E /* BaseAssembly.swift in Sources */,
				22E36D8524FFD97700733317 /* SignUpInteractorInputProtocol.swift in Sources */,
				22D00235243F6B2C007A13C4 /* CollectionInteractor.swift in Sources */,
				22CADCC3243205310038BAA7 /* Models.swift in Sources */,
				22D00231243F5B55007A13C4 /* CollectionPresenter.swift in Sources */,
				22E36D7324FFD8CB00733317 /* SignUpPresenter.swift in Sources */,
				22D0028D24446E46007A13C4 /* ImagePresenter.swift in Sources */,
				22F09B37244D8F5A00440E6A /* DetailRouterInputProtocol.swift in Sources */,
				2293CA572449C2DE0072F59E /* CollectionModuleOutputProtocol.swift in Sources */,
				22E36D7B24FFD92600733317 /* SignUpRouterInputProtocol.swift in Sources */,
				222D328A24F939120032BFF1 /* AuthModuleInputProtocol.swift in Sources */,
				2270F72E2429064800F1F730 /* ImageViewController.swift in Sources */,
				2246FEC12423B21F0009F8EC /* DetailViewController.swift in Sources */,
				222D328624F9364D0032BFF1 /* AuthViewInputProtocol.swift in Sources */,
				22F09B29244D864B00440E6A /* DetailAssembly.swift in Sources */,
				228580812457070F0075EC08 /* TableModuleInputProtocol.swift in Sources */,
				22D002412440CE54007A13C4 /* CollectionRouter.swift in Sources */,
				22F09B31244D896000440E6A /* DetailViewOutputProtocol.swift in Sources */,
				228580662456EF840075EC08 /* ImageAssembly.swift in Sources */,
				229E1CD92420EF20000F3957 /* SceneDelegate.swift in Sources */,
				22F09B35244D8F4400440E6A /* DetailRouterOutputProtocol.swift in Sources */,
				222D329824F944710032BFF1 /* AuthInteractorOutputProtocol.swift in Sources */,
				2293CA462449B4F90072F59E /* CollectionAssembly.swift in Sources */,
				22A16FA825011744008AD069 /* SignUpTextField.swift in Sources */,
				222D329424F941330032BFF1 /* AuthInteractor.swift in Sources */,
				228580742456F3490075EC08 /* ImageRouterInputProtocol.swift in Sources */,
				40679EFF258A240F00F44343 /* FavsModuleInputProtocol.swift in Sources */,
				222D328E24F93F860032BFF1 /* AuthRouter.swift in Sources */,
				22E36D8424FFD97700733317 /* SignUpInteractor.swift in Sources */,
				2293CA5F2449CB500072F59E /* CollectionRouterOutputProtocol.swift in Sources */,
			);
			runOnlyForDeploymentPostprocessing = 0;
		};
/* End PBXSourcesBuildPhase section */

/* Begin PBXVariantGroup section */
		229E1CE12420EF27000F3957 /* LaunchScreen.storyboard */ = {
			isa = PBXVariantGroup;
			children = (
				229E1CE22420EF27000F3957 /* Base */,
			);
			name = LaunchScreen.storyboard;
			sourceTree = "<group>";
		};
/* End PBXVariantGroup section */

/* Begin XCBuildConfiguration section */
		229E1CE52420EF27000F3957 /* Debug */ = {
			isa = XCBuildConfiguration;
			buildSettings = {
				ALWAYS_SEARCH_USER_PATHS = NO;
				CLANG_ANALYZER_NONNULL = YES;
				CLANG_ANALYZER_NUMBER_OBJECT_CONVERSION = YES_AGGRESSIVE;
				CLANG_CXX_LANGUAGE_STANDARD = "gnu++14";
				CLANG_CXX_LIBRARY = "libc++";
				CLANG_ENABLE_MODULES = YES;
				CLANG_ENABLE_OBJC_ARC = YES;
				CLANG_ENABLE_OBJC_WEAK = YES;
				CLANG_WARN_BLOCK_CAPTURE_AUTORELEASING = YES;
				CLANG_WARN_BOOL_CONVERSION = YES;
				CLANG_WARN_COMMA = YES;
				CLANG_WARN_CONSTANT_CONVERSION = YES;
				CLANG_WARN_DEPRECATED_OBJC_IMPLEMENTATIONS = YES;
				CLANG_WARN_DIRECT_OBJC_ISA_USAGE = YES_ERROR;
				CLANG_WARN_DOCUMENTATION_COMMENTS = YES;
				CLANG_WARN_EMPTY_BODY = YES;
				CLANG_WARN_ENUM_CONVERSION = YES;
				CLANG_WARN_INFINITE_RECURSION = YES;
				CLANG_WARN_INT_CONVERSION = YES;
				CLANG_WARN_NON_LITERAL_NULL_CONVERSION = YES;
				CLANG_WARN_OBJC_IMPLICIT_RETAIN_SELF = YES;
				CLANG_WARN_OBJC_LITERAL_CONVERSION = YES;
				CLANG_WARN_OBJC_ROOT_CLASS = YES_ERROR;
				CLANG_WARN_RANGE_LOOP_ANALYSIS = YES;
				CLANG_WARN_STRICT_PROTOTYPES = YES;
				CLANG_WARN_SUSPICIOUS_MOVE = YES;
				CLANG_WARN_UNGUARDED_AVAILABILITY = YES_AGGRESSIVE;
				CLANG_WARN_UNREACHABLE_CODE = YES;
				CLANG_WARN__DUPLICATE_METHOD_MATCH = YES;
				COPY_PHASE_STRIP = NO;
				DEBUG_INFORMATION_FORMAT = dwarf;
				ENABLE_STRICT_OBJC_MSGSEND = YES;
				ENABLE_TESTABILITY = YES;
				GCC_C_LANGUAGE_STANDARD = gnu11;
				GCC_DYNAMIC_NO_PIC = NO;
				GCC_NO_COMMON_BLOCKS = YES;
				GCC_OPTIMIZATION_LEVEL = 0;
				GCC_PREPROCESSOR_DEFINITIONS = (
					"DEBUG=1",
					"$(inherited)",
				);
				GCC_WARN_64_TO_32_BIT_CONVERSION = YES;
				GCC_WARN_ABOUT_RETURN_TYPE = YES_ERROR;
				GCC_WARN_UNDECLARED_SELECTOR = YES;
				GCC_WARN_UNINITIALIZED_AUTOS = YES_AGGRESSIVE;
				GCC_WARN_UNUSED_FUNCTION = YES;
				GCC_WARN_UNUSED_VARIABLE = YES;
				IPHONEOS_DEPLOYMENT_TARGET = 13.2;
				MTL_ENABLE_DEBUG_INFO = INCLUDE_SOURCE;
				MTL_FAST_MATH = YES;
				ONLY_ACTIVE_ARCH = YES;
				SDKROOT = iphoneos;
				SWIFT_ACTIVE_COMPILATION_CONDITIONS = DEBUG;
				SWIFT_OPTIMIZATION_LEVEL = "-Onone";
			};
			name = Debug;
		};
		229E1CE62420EF27000F3957 /* Release */ = {
			isa = XCBuildConfiguration;
			buildSettings = {
				ALWAYS_SEARCH_USER_PATHS = NO;
				CLANG_ANALYZER_NONNULL = YES;
				CLANG_ANALYZER_NUMBER_OBJECT_CONVERSION = YES_AGGRESSIVE;
				CLANG_CXX_LANGUAGE_STANDARD = "gnu++14";
				CLANG_CXX_LIBRARY = "libc++";
				CLANG_ENABLE_MODULES = YES;
				CLANG_ENABLE_OBJC_ARC = YES;
				CLANG_ENABLE_OBJC_WEAK = YES;
				CLANG_WARN_BLOCK_CAPTURE_AUTORELEASING = YES;
				CLANG_WARN_BOOL_CONVERSION = YES;
				CLANG_WARN_COMMA = YES;
				CLANG_WARN_CONSTANT_CONVERSION = YES;
				CLANG_WARN_DEPRECATED_OBJC_IMPLEMENTATIONS = YES;
				CLANG_WARN_DIRECT_OBJC_ISA_USAGE = YES_ERROR;
				CLANG_WARN_DOCUMENTATION_COMMENTS = YES;
				CLANG_WARN_EMPTY_BODY = YES;
				CLANG_WARN_ENUM_CONVERSION = YES;
				CLANG_WARN_INFINITE_RECURSION = YES;
				CLANG_WARN_INT_CONVERSION = YES;
				CLANG_WARN_NON_LITERAL_NULL_CONVERSION = YES;
				CLANG_WARN_OBJC_IMPLICIT_RETAIN_SELF = YES;
				CLANG_WARN_OBJC_LITERAL_CONVERSION = YES;
				CLANG_WARN_OBJC_ROOT_CLASS = YES_ERROR;
				CLANG_WARN_RANGE_LOOP_ANALYSIS = YES;
				CLANG_WARN_STRICT_PROTOTYPES = YES;
				CLANG_WARN_SUSPICIOUS_MOVE = YES;
				CLANG_WARN_UNGUARDED_AVAILABILITY = YES_AGGRESSIVE;
				CLANG_WARN_UNREACHABLE_CODE = YES;
				CLANG_WARN__DUPLICATE_METHOD_MATCH = YES;
				COPY_PHASE_STRIP = NO;
				DEBUG_INFORMATION_FORMAT = "dwarf-with-dsym";
				ENABLE_NS_ASSERTIONS = NO;
				ENABLE_STRICT_OBJC_MSGSEND = YES;
				GCC_C_LANGUAGE_STANDARD = gnu11;
				GCC_NO_COMMON_BLOCKS = YES;
				GCC_WARN_64_TO_32_BIT_CONVERSION = YES;
				GCC_WARN_ABOUT_RETURN_TYPE = YES_ERROR;
				GCC_WARN_UNDECLARED_SELECTOR = YES;
				GCC_WARN_UNINITIALIZED_AUTOS = YES_AGGRESSIVE;
				GCC_WARN_UNUSED_FUNCTION = YES;
				GCC_WARN_UNUSED_VARIABLE = YES;
				IPHONEOS_DEPLOYMENT_TARGET = 13.2;
				MTL_ENABLE_DEBUG_INFO = NO;
				MTL_FAST_MATH = YES;
				SDKROOT = iphoneos;
				SWIFT_COMPILATION_MODE = wholemodule;
				SWIFT_OPTIMIZATION_LEVEL = "-O";
				VALIDATE_PRODUCT = YES;
			};
			name = Release;
		};
		229E1CE82420EF27000F3957 /* Debug */ = {
			isa = XCBuildConfiguration;
			baseConfigurationReference = 1CF502BA672542AC711C7651 /* Pods-ScaleModelCatalog.debug.xcconfig */;
			buildSettings = {
				ASSETCATALOG_COMPILER_APPICON_NAME = AppIcon;
				CODE_SIGN_STYLE = Automatic;
				DEVELOPMENT_TEAM = 494K398CRH;
				INFOPLIST_FILE = ScaleModelCatalog/Info.plist;
				LD_RUNPATH_SEARCH_PATHS = (
					"$(inherited)",
					"@executable_path/Frameworks",
				);
				PRODUCT_BUNDLE_IDENTIFIER = My.ScaleModelCatalog;
				PRODUCT_NAME = "$(TARGET_NAME)";
				SWIFT_VERSION = 5.0;
				TARGETED_DEVICE_FAMILY = 1;
			};
			name = Debug;
		};
		229E1CE92420EF27000F3957 /* Release */ = {
			isa = XCBuildConfiguration;
			baseConfigurationReference = 349CF61C67B4385DF9206135 /* Pods-ScaleModelCatalog.release.xcconfig */;
			buildSettings = {
				ASSETCATALOG_COMPILER_APPICON_NAME = AppIcon;
				CODE_SIGN_STYLE = Automatic;
				DEVELOPMENT_TEAM = 494K398CRH;
				INFOPLIST_FILE = ScaleModelCatalog/Info.plist;
				LD_RUNPATH_SEARCH_PATHS = (
					"$(inherited)",
					"@executable_path/Frameworks",
				);
				PRODUCT_BUNDLE_IDENTIFIER = My.ScaleModelCatalog;
				PRODUCT_NAME = "$(TARGET_NAME)";
				SWIFT_VERSION = 5.0;
				TARGETED_DEVICE_FAMILY = 1;
			};
			name = Release;
		};
/* End XCBuildConfiguration section */

/* Begin XCConfigurationList section */
		229E1CCE2420EF20000F3957 /* Build configuration list for PBXProject "ScaleModelCatalog" */ = {
			isa = XCConfigurationList;
			buildConfigurations = (
				229E1CE52420EF27000F3957 /* Debug */,
				229E1CE62420EF27000F3957 /* Release */,
			);
			defaultConfigurationIsVisible = 0;
			defaultConfigurationName = Release;
		};
		229E1CE72420EF27000F3957 /* Build configuration list for PBXNativeTarget "ScaleModelCatalog" */ = {
			isa = XCConfigurationList;
			buildConfigurations = (
				229E1CE82420EF27000F3957 /* Debug */,
				229E1CE92420EF27000F3957 /* Release */,
			);
			defaultConfigurationIsVisible = 0;
			defaultConfigurationName = Release;
		};
/* End XCConfigurationList section */
	};
	rootObject = 229E1CCB2420EF20000F3957 /* Project object */;
}
